// !$*UTF8*$!
{
	archiveVersion = 1;
	classes = {
	};
	objectVersion = 77;
	objects = {

/* Begin PBXBuildFile section */
		0086BDE5E84A48A18FB533AB /* WebAppFaviconLoader.swift in Sources */ = {isa = PBXBuildFile; fileRef = 6535023594466573F6BD745C /* WebAppFaviconLoader.swift */; };
		01E935DAB3406150276C32A2 /* EdgeAttachedShape.swift in Sources */ = {isa = PBXBuildFile; fileRef = 1220370641773E0765018F0B /* EdgeAttachedShape.swift */; };
		03DC0D096D237AE010145EDE /* BrowserContainerView.swift in Sources */ = {isa = PBXBuildFile; fileRef = BA171A0F1CA54F7B60F770FC /* BrowserContainerView.swift */; };
		053608AFD602E78D14D150F2 /* Assets.xcassets in Resources */ = {isa = PBXBuildFile; fileRef = CD2E26CB1D77219F87EEEC70 /* Assets.xcassets */; };
		0937D755A341693BD29F6C32 /* AppPreferencesStore.swift in Sources */ = {isa = PBXBuildFile; fileRef = EDAACF7514AACDFED1FCC44F /* AppPreferencesStore.swift */; };
		0BD6E80B683962E747B95377 /* BrowserDownloadDestinationResolverTests.swift in Sources */ = {isa = PBXBuildFile; fileRef = 5251982D120DB93D8AF56428 /* BrowserDownloadDestinationResolverTests.swift */; };
		0ECAB78372A0A9CB81E8B068 /* BrowserWebView.swift in Sources */ = {isa = PBXBuildFile; fileRef = 439B6E6D82411C62C8C81826 /* BrowserWebView.swift */; };
		10CEDA335E08D5DDCFD2A49A /* AppUpdater.swift in Sources */ = {isa = PBXBuildFile; fileRef = C49E6C595618896648351FC8 /* AppUpdater.swift */; };
		11F5F79C56256DD9DAFACF9E /* LauncherOverlayRootView.swift in Sources */ = {isa = PBXBuildFile; fileRef = FE60801E69B416C54C5B0F2C /* LauncherOverlayRootView.swift */; };
		15AFD1FED676491F3D4094EA /* NeatWebAppRuntimeApp.swift in Sources */ = {isa = PBXBuildFile; fileRef = 598C296D366948C8346E36D6 /* NeatWebAppRuntimeApp.swift */; };
		173CA1F547E8310731440DE9 /* Sparkle in Frameworks */ = {isa = PBXBuildFile; productRef = AA0ABD4338F057DC89950485 /* Sparkle */; };
		1CDF8DC2F1C5EF9ED3EEFD58 /* BrowserKeyCommandTests.swift in Sources */ = {isa = PBXBuildFile; fileRef = 2F7BE1250B6C8CE2B61ADCA7 /* BrowserKeyCommandTests.swift */; };
		1D2646E8877B83829EC704E9 /* WindowVisibleCoverage.swift in Sources */ = {isa = PBXBuildFile; fileRef = D655A12D149676C1882C6B87 /* WindowVisibleCoverage.swift */; };
		1E605FE456B399F6831022C9 /* NeatWebAppRuntime.app in Embed Dependencies */ = {isa = PBXBuildFile; fileRef = 0920FC54E3D4541E7073362D /* NeatWebAppRuntime.app */; settings = {ATTRIBUTES = (RemoveHeadersOnCopy, ); }; };
		1FB2A9FDAC6C02C2A8AB783F /* BrowserDownloadManager.swift in Sources */ = {isa = PBXBuildFile; fileRef = AC891DBB5C3E7A9AF43B963D /* BrowserDownloadManager.swift */; };
		21042A7DD039F33193D58EA3 /* WebAppWindowMetrics.swift in Sources */ = {isa = PBXBuildFile; fileRef = 264BF76706370BC0E8430900 /* WebAppWindowMetrics.swift */; };
		2424A93CD84E461F797C6730 /* WebAppWindowPlacement.swift in Sources */ = {isa = PBXBuildFile; fileRef = 25784BC1A0C406BBC0010C40 /* WebAppWindowPlacement.swift */; };
		28B8CFA8A8A98A83B1740F3E /* WebAppURLInputResolverTests.swift in Sources */ = {isa = PBXBuildFile; fileRef = D92C202F3DBD60B884B83F07 /* WebAppURLInputResolverTests.swift */; };
		28BAAC3B74C235851F2C8AB6 /* WebAppWindowMetrics.swift in Sources */ = {isa = PBXBuildFile; fileRef = 264BF76706370BC0E8430900 /* WebAppWindowMetrics.swift */; };
		2D51EE1180C98E2EBE13B44E /* PanelCard.swift in Sources */ = {isa = PBXBuildFile; fileRef = B2F17F52846B3347E6D0CEC6 /* PanelCard.swift */; };
		2E76E497BEC0B2A99B1354D3 /* WebAppDefinition.swift in Sources */ = {isa = PBXBuildFile; fileRef = 1D78768CFFDF415F11384B4F /* WebAppDefinition.swift */; };
		2F608A187B13024EB8D438F4 /* RuntimeSupportDirectory.swift in Sources */ = {isa = PBXBuildFile; fileRef = 1E2D2259F0A936D72B79F370 /* RuntimeSupportDirectory.swift */; };
		2FD276B0431BABBAD93435EB /* SideDockPlacementTests.swift in Sources */ = {isa = PBXBuildFile; fileRef = E5CCC3AE22EB5530C71B5058 /* SideDockPlacementTests.swift */; };
		38CDA3B1E1182BF7F8B70EA2 /* RuntimeHealthMonitorTests.swift in Sources */ = {isa = PBXBuildFile; fileRef = 67AF2EF3073DEBCB1658B445 /* RuntimeHealthMonitorTests.swift */; };
		39AD98562A2F730ED9F173E0 /* RuntimeRegistryStore.swift in Sources */ = {isa = PBXBuildFile; fileRef = A914E86F1ECA2915BA025350 /* RuntimeRegistryStore.swift */; };
		3F55DE9DA94A02B25FAD683E /* WebAppWindowLaunchFrameTests.swift in Sources */ = {isa = PBXBuildFile; fileRef = EF732394FEB42B01E110C5DB /* WebAppWindowLaunchFrameTests.swift */; };
		42BB40148402990AFA14688D /* LauncherPresentationContext.swift in Sources */ = {isa = PBXBuildFile; fileRef = A74C37C51A6E878F1EBB10F8 /* LauncherPresentationContext.swift */; };
		4384F6169C196F6F52958A24 /* BrowserExternalNavigationPolicyTests.swift in Sources */ = {isa = PBXBuildFile; fileRef = F1E4BB2F4C92B1295A9ABB38 /* BrowserExternalNavigationPolicyTests.swift */; };
		4493182F44AAD82381CE5F32 /* BrowserChromeMetrics.swift in Sources */ = {isa = PBXBuildFile; fileRef = 4E81A643E0AC051FB57F3B7B /* BrowserChromeMetrics.swift */; };
		47614C209C570D5A5504EC6A /* BrowserPasskeySupport.swift in Sources */ = {isa = PBXBuildFile; fileRef = CC03737ED14842B918B3908A /* BrowserPasskeySupport.swift */; };
		4DB7B687E99F419879173091 /* WebAppFloatingIconSupport.swift in Sources */ = {isa = PBXBuildFile; fileRef = 072288DA8EFC3A54629E1706 /* WebAppFloatingIconSupport.swift */; };
		4EB5CD6DB5738575F6F05DCB /* LauncherRowReorderTests.swift in Sources */ = {isa = PBXBuildFile; fileRef = F2D4EECA16C7190F742BB7C4 /* LauncherRowReorderTests.swift */; };
		50CCC4C251B629C85D8D55CC /* NotchActivationMonitor.swift in Sources */ = {isa = PBXBuildFile; fileRef = 270DC815CF6E78E43385C81D /* NotchActivationMonitor.swift */; };
		57255E5E31B75DA42753471B /* SettingsSectionView.swift in Sources */ = {isa = PBXBuildFile; fileRef = 8BD8BAF9F67E646378E54D35 /* SettingsSectionView.swift */; };
		5DF911FC96D21F0E575F2146 /* LauncherOverlayController.swift in Sources */ = {isa = PBXBuildFile; fileRef = 249468F78ECB158EF76D893C /* LauncherOverlayController.swift */; };
		5F4410B4386D010AE8CDA0F0 /* RuntimeSupportDirectory.swift in Sources */ = {isa = PBXBuildFile; fileRef = 1E2D2259F0A936D72B79F370 /* RuntimeSupportDirectory.swift */; };
		60CE1016D049876F3849958F /* RuntimeEventPublisher.swift in Sources */ = {isa = PBXBuildFile; fileRef = DC89CB73A4690FD61F43D63C /* RuntimeEventPublisher.swift */; };
		6280E750F5CE69B658668FCD /* ClearLiquidGlass.swift in Sources */ = {isa = PBXBuildFile; fileRef = 240A47338060B03D8E69B6C5 /* ClearLiquidGlass.swift */; };
		62A03E5BBF4DA98830BD7735 /* RuntimeWindowCoordinator.swift in Sources */ = {isa = PBXBuildFile; fileRef = 30FF2F672DE51BE72D9EDBC5 /* RuntimeWindowCoordinator.swift */; };
		63AD3C45FA8BB7FB529986E6 /* Assets.xcassets in Resources */ = {isa = PBXBuildFile; fileRef = CD2E26CB1D77219F87EEEC70 /* Assets.xcassets */; };
		64E4056FA14F0ECB93F3EAF5 /* BrowserSelectorFinderScript.swift in Sources */ = {isa = PBXBuildFile; fileRef = 2BB10AA221B5D6084CE21715 /* BrowserSelectorFinderScript.swift */; };
		667AD146E10165D3E8FEAD46 /* WebAppPreferencesStore.swift in Sources */ = {isa = PBXBuildFile; fileRef = 05FF8BDDD02D5490C18E7386 /* WebAppPreferencesStore.swift */; };
		6921020C87F48CD71F445EC7 /* BrowserChromeMetrics.swift in Sources */ = {isa = PBXBuildFile; fileRef = 4E81A643E0AC051FB57F3B7B /* BrowserChromeMetrics.swift */; };
		6936D1598B016139645685BE /* RuntimeHealthMonitor.swift in Sources */ = {isa = PBXBuildFile; fileRef = A1E2516F5B243B824826C4EB /* RuntimeHealthMonitor.swift */; };
		6C6E5AB34D16B9ACA3A0614F /* BrowserBookmarkTests.swift in Sources */ = {isa = PBXBuildFile; fileRef = BA34B0B97F4B266F3C68F392 /* BrowserBookmarkTests.swift */; };
		6C91A519FFB072AF843A9F3C /* RuntimeCommandBus.swift in Sources */ = {isa = PBXBuildFile; fileRef = A8B239093AFEBF2974ED7349 /* RuntimeCommandBus.swift */; };
		6C94CC55D95577FE7CDDA210 /* WebAppRuntimeCoordinator.swift in Sources */ = {isa = PBXBuildFile; fileRef = C5E6F0BF947576532272930B /* WebAppRuntimeCoordinator.swift */; };
		74CA6CEF02CC7A7472803574 /* RuntimeBootstrapLoader.swift in Sources */ = {isa = PBXBuildFile; fileRef = CE823187BD8E760027A23AEA /* RuntimeBootstrapLoader.swift */; };
		7708C8387BBDDD99B1A8844B /* ScreenNotchGeometryTests.swift in Sources */ = {isa = PBXBuildFile; fileRef = 257582CB762D9D88BF321BAE /* ScreenNotchGeometryTests.swift */; };
		7BB48B2FEC53B70D80028CBA /* RuntimeAppLock.swift in Sources */ = {isa = PBXBuildFile; fileRef = 96D58A33C3AB4593FEB6B6A6 /* RuntimeAppLock.swift */; };
		817BF40EA1083A9C3112C4B0 /* SideDockOverlayRootView.swift in Sources */ = {isa = PBXBuildFile; fileRef = 4358833521E486B408BC9DBC /* SideDockOverlayRootView.swift */; };
		81D743A4C462116F8795445A /* WebAppIconNormalizer.swift in Sources */ = {isa = PBXBuildFile; fileRef = FEED82A73EBCD1156B758A75 /* WebAppIconNormalizer.swift */; };
		8349B3FEAC8836442C9AF58C /* NotchDebugOverlayController.swift in Sources */ = {isa = PBXBuildFile; fileRef = C6FD8328846416C483CD639B /* NotchDebugOverlayController.swift */; };
		841A0DC1EABE5B409CE32E32 /* BrowserElementHidingScript.swift in Sources */ = {isa = PBXBuildFile; fileRef = 13B1D1874DBD1A50BF2D4449 /* BrowserElementHidingScript.swift */; };
		898824A26C5D682CE7DBF77E /* AppModel.swift in Sources */ = {isa = PBXBuildFile; fileRef = D9F92FAFEBB2F65CE0F330E8 /* AppModel.swift */; };
		958F48D31F36B3218AE09DF6 /* WebAppWindowPlacementLaunchTests.swift in Sources */ = {isa = PBXBuildFile; fileRef = 88EC8D00E538C11AEE9087EC /* WebAppWindowPlacementLaunchTests.swift */; };
		975833919EE8C49A5F5EB1A3 /* WebAppFaviconStore.swift in Sources */ = {isa = PBXBuildFile; fileRef = 75036857DC21F2F2EAE824D4 /* WebAppFaviconStore.swift */; };
		98A529BA559227F47CF540EA /* ScreenNotchGeometry.swift in Sources */ = {isa = PBXBuildFile; fileRef = 87C3CC6D21E25D48603009E3 /* ScreenNotchGeometry.swift */; };
		997D901F57BB98D9038EE3CD /* CustomWebAppStore.swift in Sources */ = {isa = PBXBuildFile; fileRef = ED7BC742F636A67853E2AE7F /* CustomWebAppStore.swift */; };
		99A94B44370712902506AB45 /* WebAppPreferencesStoreTests.swift in Sources */ = {isa = PBXBuildFile; fileRef = 986EA0E7897C2F2D26403B3B /* WebAppPreferencesStoreTests.swift */; };
		99E063C94472E720E4759907 /* MacKitLifecycle in Frameworks */ = {isa = PBXBuildFile; productRef = A82CEC9C739DBA32DB5BEC54 /* MacKitLifecycle */; };
		9B0877DF32DA630BAE907157 /* AppDelegate.swift in Sources */ = {isa = PBXBuildFile; fileRef = EC457812D675337401F6B7A6 /* AppDelegate.swift */; };
		A2E13446DACEC8A5009DE4B8 /* WindowVisibleCoverageTests.swift in Sources */ = {isa = PBXBuildFile; fileRef = 91EA688FCF891D0DB8CCF1D5 /* WindowVisibleCoverageTests.swift */; };
		A7243172079700FAA6172130 /* Localizable.xcstrings in Resources */ = {isa = PBXBuildFile; fileRef = 26C080DE9BFB192B813F8AF3 /* Localizable.xcstrings */; };
		A99EDC06F81B9C12BFDB2EA6 /* WebAppDefinition.swift in Sources */ = {isa = PBXBuildFile; fileRef = 1D78768CFFDF415F11384B4F /* WebAppDefinition.swift */; };
		B0C402224827E36022AB2A7A /* WebAppFaviconStoreTests.swift in Sources */ = {isa = PBXBuildFile; fileRef = 34536C862027508BBA1363F6 /* WebAppFaviconStoreTests.swift */; };
		B22E00514FCD745321704093 /* BrowserExternalNavigationPolicy.swift in Sources */ = {isa = PBXBuildFile; fileRef = 72CC724AEB6EDB311FE068EF /* BrowserExternalNavigationPolicy.swift */; };
		BA238E30F8D0FCBAFEFB1874 /* WebAppIconView.swift in Sources */ = {isa = PBXBuildFile; fileRef = 104516AB0D614875D050B34D /* WebAppIconView.swift */; };
		BB96BE8598BE043C6F554DF0 /* RuntimeCommandListener.swift in Sources */ = {isa = PBXBuildFile; fileRef = 4F27201C35EE84004BEEE965 /* RuntimeCommandListener.swift */; };
		BED783E45515854457B5BEEE /* SideDockOverlayController.swift in Sources */ = {isa = PBXBuildFile; fileRef = 6D4E7683C0CD075DD5F6B3AD /* SideDockOverlayController.swift */; };
		BF8B414BB1B51D4679447C5C /* WebAppWindowPlacement.swift in Sources */ = {isa = PBXBuildFile; fileRef = 25784BC1A0C406BBC0010C40 /* WebAppWindowPlacement.swift */; };
		C114E7A96B75BC62B5042DD2 /* RuntimeModels.swift in Sources */ = {isa = PBXBuildFile; fileRef = 7C0EC99CC12C2CF75E76E9D5 /* RuntimeModels.swift */; };
		C2BADB05778B5DF5BB4ABFF5 /* WebAppWindowController.swift in Sources */ = {isa = PBXBuildFile; fileRef = 763A5CE2AEC694985D0E9A0C /* WebAppWindowController.swift */; };
		C3114857C0069E7BA483668B /* ScreenNotchGeometry.swift in Sources */ = {isa = PBXBuildFile; fileRef = 87C3CC6D21E25D48603009E3 /* ScreenNotchGeometry.swift */; };
		C6064F8FC631E8352C4DCE57 /* RuntimeCommandBus.swift in Sources */ = {isa = PBXBuildFile; fileRef = A8B239093AFEBF2974ED7349 /* RuntimeCommandBus.swift */; };
		C6D0B64D83A5E03D8CFCFD8B /* RuntimeLauncher.swift in Sources */ = {isa = PBXBuildFile; fileRef = EFB69C041590CEFEA4AF732C /* RuntimeLauncher.swift */; };
		C7CFB29D76DCBF3C46AF31BF /* WebAppWindowAutoCollapseTests.swift in Sources */ = {isa = PBXBuildFile; fileRef = F064968ED7E8033EDBBE526F /* WebAppWindowAutoCollapseTests.swift */; };
		C8438F83176D348E92597F40 /* BrowserChromeTheme.swift in Sources */ = {isa = PBXBuildFile; fileRef = FA8F22A5E992C6968559C1A0 /* BrowserChromeTheme.swift */; };
		C91EE5D52855A67FAB29DB0D /* FloatingIconSnapResolverTests.swift in Sources */ = {isa = PBXBuildFile; fileRef = D153AAAC2CEBD9238FE58516 /* FloatingIconSnapResolverTests.swift */; };
		CEF7C803632831529F7D9869 /* RuntimeAppLock.swift in Sources */ = {isa = PBXBuildFile; fileRef = 96D58A33C3AB4593FEB6B6A6 /* RuntimeAppLock.swift */; };
		D30327832ACF73029AA7CA9B /* LaunchPlaceholderCoordinatorTests.swift in Sources */ = {isa = PBXBuildFile; fileRef = C57977D8DAC4B5A0185A191C /* LaunchPlaceholderCoordinatorTests.swift */; };
		DA2F86395CCCBF1CF6C3F27B /* MacKitLaunchAtLogin in Frameworks */ = {isa = PBXBuildFile; productRef = 2D9B2A868187A831F2C1C3BA /* MacKitLaunchAtLogin */; };
		E1AF795E7A911E19CCC35BD2 /* SideDockPresentationContext.swift in Sources */ = {isa = PBXBuildFile; fileRef = F99DF162F766071E7C75979E /* SideDockPresentationContext.swift */; };
		E785257BD4C3D661B97F5472 /* NeatWebAppApp.swift in Sources */ = {isa = PBXBuildFile; fileRef = 3F07BEE185914D85B8B405A5 /* NeatWebAppApp.swift */; };
		E94BA4C2883BA0A5A5AA1A41 /* AppCommands.swift in Sources */ = {isa = PBXBuildFile; fileRef = 22AB86B7F555EAF061B89125 /* AppCommands.swift */; };
		E9BBF2D6C6D137F79010EB7E /* BrowserSession.swift in Sources */ = {isa = PBXBuildFile; fileRef = 4439DB55CDCD672746B164E7 /* BrowserSession.swift */; };
		EDB3ADFDB1A47F94A4B018C9 /* DashboardView.swift in Sources */ = {isa = PBXBuildFile; fileRef = D060C4D3DD8DC88849971C39 /* DashboardView.swift */; };
		EDF6064356A37537C2EE5BA0 /* WebAppFaviconStore.swift in Sources */ = {isa = PBXBuildFile; fileRef = 75036857DC21F2F2EAE824D4 /* WebAppFaviconStore.swift */; };
		EE10CEDD2CCD3C778298619F /* BrowserKeyCommand.swift in Sources */ = {isa = PBXBuildFile; fileRef = 5D23996E32BE971B55D6AED5 /* BrowserKeyCommand.swift */; };
		EF92116A31AAC5E5495BABF0 /* RuntimeRegistryStoreTests.swift in Sources */ = {isa = PBXBuildFile; fileRef = 5FB57677B77DDAA3883AD1B3 /* RuntimeRegistryStoreTests.swift */; };
		F1ECF8A7EFDFC91290F01450 /* BrowserDownloadDestinationResolver.swift in Sources */ = {isa = PBXBuildFile; fileRef = 3117F16F6830A5EFCBDB74C0 /* BrowserDownloadDestinationResolver.swift */; };
		F54C74DDA69ADB8F6EACF447 /* RuntimeAppModel.swift in Sources */ = {isa = PBXBuildFile; fileRef = 444290C186B94D63848D4F55 /* RuntimeAppModel.swift */; };
		F8692DD2259BE6E714D1B800 /* BrowserElementHidingTests.swift in Sources */ = {isa = PBXBuildFile; fileRef = 5796CBD649870F8E876FEB1E /* BrowserElementHidingTests.swift */; };
		FA4E6C07277ABCD961245304 /* LaunchPlaceholderController.swift in Sources */ = {isa = PBXBuildFile; fileRef = 79539E73EF39352B35A55B6C /* LaunchPlaceholderController.swift */; };
		FAF7FBAF8D6E3369A3705DF2 /* MacKitCore in Frameworks */ = {isa = PBXBuildFile; productRef = 4432EC9595E47AAEBDF6385C /* MacKitCore */; };
		FD177764B8FA812F38A6F9F0 /* Localizable.xcstrings in Resources */ = {isa = PBXBuildFile; fileRef = D01470053B576991060F122F /* Localizable.xcstrings */; };
		FD76CA0544941177620ADCF0 /* RuntimeRegistryStore.swift in Sources */ = {isa = PBXBuildFile; fileRef = A914E86F1ECA2915BA025350 /* RuntimeRegistryStore.swift */; };
		FD91885E43AD5DCA3AAADE01 /* BrowserChromeThemeTests.swift in Sources */ = {isa = PBXBuildFile; fileRef = 9D6A45B4921BAA3A28B06BED /* BrowserChromeThemeTests.swift */; };
		FF351FCB373414DD5C663EA7 /* RuntimeModels.swift in Sources */ = {isa = PBXBuildFile; fileRef = 7C0EC99CC12C2CF75E76E9D5 /* RuntimeModels.swift */; };
		FF83C2338E69D5313467C47E /* LauncherPresentationContextTests.swift in Sources */ = {isa = PBXBuildFile; fileRef = 328823D85B1C5AD54D457E25 /* LauncherPresentationContextTests.swift */; };
		FFB3A7624E8DC565D4EC7D75 /* WebAppPreferencesStore.swift in Sources */ = {isa = PBXBuildFile; fileRef = 05FF8BDDD02D5490C18E7386 /* WebAppPreferencesStore.swift */; };
/* End PBXBuildFile section */

/* Begin PBXContainerItemProxy section */
		07902EC653FF1595A42B298A /* PBXContainerItemProxy */ = {
			isa = PBXContainerItemProxy;
			containerPortal = 5D4339875356890C6F82C180 /* Project object */;
			proxyType = 1;
			remoteGlobalIDString = 72B403082BC00B6636D86890;
			remoteInfo = NeatWebAppRuntime;
		};
		24FD35693E53D287649853D7 /* PBXContainerItemProxy */ = {
			isa = PBXContainerItemProxy;
			containerPortal = 5D4339875356890C6F82C180 /* Project object */;
			proxyType = 1;
			remoteGlobalIDString = 72B403082BC00B6636D86890;
			remoteInfo = NeatWebAppRuntime;
		};
		6CA6226612BE2CC099FE90D4 /* PBXContainerItemProxy */ = {
			isa = PBXContainerItemProxy;
			containerPortal = 5D4339875356890C6F82C180 /* Project object */;
			proxyType = 1;
			remoteGlobalIDString = FB04F29A1BD3B13B73302B10;
			remoteInfo = NeatWebApp;
		};
/* End PBXContainerItemProxy section */

/* Begin PBXCopyFilesBuildPhase section */
		1F2D3F7119DB761B60D37CFC /* Embed Dependencies */ = {
			isa = PBXCopyFilesBuildPhase;
			buildActionMask = 2147483647;
			dstPath = Contents/Library/LoginItems;
			dstSubfolderSpec = 1;
			files = (
				1E605FE456B399F6831022C9 /* NeatWebAppRuntime.app in Embed Dependencies */,
			);
			name = "Embed Dependencies";
			runOnlyForDeploymentPostprocessing = 0;
		};
/* End PBXCopyFilesBuildPhase section */

/* Begin PBXFileReference section */
		05FF8BDDD02D5490C18E7386 /* WebAppPreferencesStore.swift */ = {isa = PBXFileReference; lastKnownFileType = sourcecode.swift; path = WebAppPreferencesStore.swift; sourceTree = "<group>"; };
		072288DA8EFC3A54629E1706 /* WebAppFloatingIconSupport.swift */ = {isa = PBXFileReference; lastKnownFileType = sourcecode.swift; path = WebAppFloatingIconSupport.swift; sourceTree = "<group>"; };
		0920FC54E3D4541E7073362D /* NeatWebAppRuntime.app */ = {isa = PBXFileReference; explicitFileType = wrapper.application; includeInIndex = 0; path = NeatWebAppRuntime.app; sourceTree = BUILT_PRODUCTS_DIR; };
		0B5C7B4A6BAB51C5E4DC2120 /* 0.3.11.md */ = {isa = PBXFileReference; lastKnownFileType = net.daringfireball.markdown; path = 0.3.11.md; sourceTree = "<group>"; };
		0EB67C38393D8498752F7523 /* NeatWebAppRuntime.entitlements */ = {isa = PBXFileReference; lastKnownFileType = text.plist.entitlements; path = NeatWebAppRuntime.entitlements; sourceTree = "<group>"; };
		104516AB0D614875D050B34D /* WebAppIconView.swift */ = {isa = PBXFileReference; lastKnownFileType = sourcecode.swift; path = WebAppIconView.swift; sourceTree = "<group>"; };
		1220370641773E0765018F0B /* EdgeAttachedShape.swift */ = {isa = PBXFileReference; lastKnownFileType = sourcecode.swift; path = EdgeAttachedShape.swift; sourceTree = "<group>"; };
		12286D0DC034FFFA6F5A17EA /* 0.3.6.md */ = {isa = PBXFileReference; lastKnownFileType = net.daringfireball.markdown; path = 0.3.6.md; sourceTree = "<group>"; };
		13B1D1874DBD1A50BF2D4449 /* BrowserElementHidingScript.swift */ = {isa = PBXFileReference; lastKnownFileType = sourcecode.swift; path = BrowserElementHidingScript.swift; sourceTree = "<group>"; };
		169D69E2AF778CCFAFBF5CDB /* NeatWebAppTests.xctest */ = {isa = PBXFileReference; explicitFileType = wrapper.cfbundle; includeInIndex = 0; path = NeatWebAppTests.xctest; sourceTree = BUILT_PRODUCTS_DIR; };
		1D78768CFFDF415F11384B4F /* WebAppDefinition.swift */ = {isa = PBXFileReference; lastKnownFileType = sourcecode.swift; path = WebAppDefinition.swift; sourceTree = "<group>"; };
		1E2D2259F0A936D72B79F370 /* RuntimeSupportDirectory.swift */ = {isa = PBXFileReference; lastKnownFileType = sourcecode.swift; path = RuntimeSupportDirectory.swift; sourceTree = "<group>"; };
		227C0DAE2EAFC68634EB0C6B /* 0.3.4.md */ = {isa = PBXFileReference; lastKnownFileType = net.daringfireball.markdown; path = 0.3.4.md; sourceTree = "<group>"; };
		22AB86B7F555EAF061B89125 /* AppCommands.swift */ = {isa = PBXFileReference; lastKnownFileType = sourcecode.swift; path = AppCommands.swift; sourceTree = "<group>"; };
		240A47338060B03D8E69B6C5 /* ClearLiquidGlass.swift */ = {isa = PBXFileReference; lastKnownFileType = sourcecode.swift; path = ClearLiquidGlass.swift; sourceTree = "<group>"; };
		249468F78ECB158EF76D893C /* LauncherOverlayController.swift */ = {isa = PBXFileReference; lastKnownFileType = sourcecode.swift; path = LauncherOverlayController.swift; sourceTree = "<group>"; };
		257582CB762D9D88BF321BAE /* ScreenNotchGeometryTests.swift */ = {isa = PBXFileReference; lastKnownFileType = sourcecode.swift; path = ScreenNotchGeometryTests.swift; sourceTree = "<group>"; };
		25784BC1A0C406BBC0010C40 /* WebAppWindowPlacement.swift */ = {isa = PBXFileReference; lastKnownFileType = sourcecode.swift; path = WebAppWindowPlacement.swift; sourceTree = "<group>"; };
		264BF76706370BC0E8430900 /* WebAppWindowMetrics.swift */ = {isa = PBXFileReference; lastKnownFileType = sourcecode.swift; path = WebAppWindowMetrics.swift; sourceTree = "<group>"; };
		26C080DE9BFB192B813F8AF3 /* Localizable.xcstrings */ = {isa = PBXFileReference; lastKnownFileType = text.json.xcstrings; path = Localizable.xcstrings; sourceTree = "<group>"; };
		270DC815CF6E78E43385C81D /* NotchActivationMonitor.swift */ = {isa = PBXFileReference; lastKnownFileType = sourcecode.swift; path = NotchActivationMonitor.swift; sourceTree = "<group>"; };
		2BB10AA221B5D6084CE21715 /* BrowserSelectorFinderScript.swift */ = {isa = PBXFileReference; lastKnownFileType = sourcecode.swift; path = BrowserSelectorFinderScript.swift; sourceTree = "<group>"; };
		2F7BE1250B6C8CE2B61ADCA7 /* BrowserKeyCommandTests.swift */ = {isa = PBXFileReference; lastKnownFileType = sourcecode.swift; path = BrowserKeyCommandTests.swift; sourceTree = "<group>"; };
		30FF2F672DE51BE72D9EDBC5 /* RuntimeWindowCoordinator.swift */ = {isa = PBXFileReference; lastKnownFileType = sourcecode.swift; path = RuntimeWindowCoordinator.swift; sourceTree = "<group>"; };
		3117F16F6830A5EFCBDB74C0 /* BrowserDownloadDestinationResolver.swift */ = {isa = PBXFileReference; lastKnownFileType = sourcecode.swift; path = BrowserDownloadDestinationResolver.swift; sourceTree = "<group>"; };
		328823D85B1C5AD54D457E25 /* LauncherPresentationContextTests.swift */ = {isa = PBXFileReference; lastKnownFileType = sourcecode.swift; path = LauncherPresentationContextTests.swift; sourceTree = "<group>"; };
		34536C862027508BBA1363F6 /* WebAppFaviconStoreTests.swift */ = {isa = PBXFileReference; lastKnownFileType = sourcecode.swift; path = WebAppFaviconStoreTests.swift; sourceTree = "<group>"; };
		3F07BEE185914D85B8B405A5 /* NeatWebAppApp.swift */ = {isa = PBXFileReference; lastKnownFileType = sourcecode.swift; path = NeatWebAppApp.swift; sourceTree = "<group>"; };
		4358833521E486B408BC9DBC /* SideDockOverlayRootView.swift */ = {isa = PBXFileReference; lastKnownFileType = sourcecode.swift; path = SideDockOverlayRootView.swift; sourceTree = "<group>"; };
		439B6E6D82411C62C8C81826 /* BrowserWebView.swift */ = {isa = PBXFileReference; lastKnownFileType = sourcecode.swift; path = BrowserWebView.swift; sourceTree = "<group>"; };
		4439DB55CDCD672746B164E7 /* BrowserSession.swift */ = {isa = PBXFileReference; lastKnownFileType = sourcecode.swift; path = BrowserSession.swift; sourceTree = "<group>"; };
		444290C186B94D63848D4F55 /* RuntimeAppModel.swift */ = {isa = PBXFileReference; lastKnownFileType = sourcecode.swift; path = RuntimeAppModel.swift; sourceTree = "<group>"; };
		4C168513923E317D80AEDF8A /* 0.3.10.md */ = {isa = PBXFileReference; lastKnownFileType = net.daringfireball.markdown; path = 0.3.10.md; sourceTree = "<group>"; };
		4E81A643E0AC051FB57F3B7B /* BrowserChromeMetrics.swift */ = {isa = PBXFileReference; lastKnownFileType = sourcecode.swift; path = BrowserChromeMetrics.swift; sourceTree = "<group>"; };
		4F27201C35EE84004BEEE965 /* RuntimeCommandListener.swift */ = {isa = PBXFileReference; lastKnownFileType = sourcecode.swift; path = RuntimeCommandListener.swift; sourceTree = "<group>"; };
		5251982D120DB93D8AF56428 /* BrowserDownloadDestinationResolverTests.swift */ = {isa = PBXFileReference; lastKnownFileType = sourcecode.swift; path = BrowserDownloadDestinationResolverTests.swift; sourceTree = "<group>"; };
		5796CBD649870F8E876FEB1E /* BrowserElementHidingTests.swift */ = {isa = PBXFileReference; lastKnownFileType = sourcecode.swift; path = BrowserElementHidingTests.swift; sourceTree = "<group>"; };
		598C296D366948C8346E36D6 /* NeatWebAppRuntimeApp.swift */ = {isa = PBXFileReference; lastKnownFileType = sourcecode.swift; path = NeatWebAppRuntimeApp.swift; sourceTree = "<group>"; };
		5D23996E32BE971B55D6AED5 /* BrowserKeyCommand.swift */ = {isa = PBXFileReference; lastKnownFileType = sourcecode.swift; path = BrowserKeyCommand.swift; sourceTree = "<group>"; };
		5FB57677B77DDAA3883AD1B3 /* RuntimeRegistryStoreTests.swift */ = {isa = PBXFileReference; lastKnownFileType = sourcecode.swift; path = RuntimeRegistryStoreTests.swift; sourceTree = "<group>"; };
		6366139A94DCBB7DE18313AE /* 0.3.7.md */ = {isa = PBXFileReference; lastKnownFileType = net.daringfireball.markdown; path = 0.3.7.md; sourceTree = "<group>"; };
		6535023594466573F6BD745C /* WebAppFaviconLoader.swift */ = {isa = PBXFileReference; lastKnownFileType = sourcecode.swift; path = WebAppFaviconLoader.swift; sourceTree = "<group>"; };
		67AF2EF3073DEBCB1658B445 /* RuntimeHealthMonitorTests.swift */ = {isa = PBXFileReference; lastKnownFileType = sourcecode.swift; path = RuntimeHealthMonitorTests.swift; sourceTree = "<group>"; };
		6D4E7683C0CD075DD5F6B3AD /* SideDockOverlayController.swift */ = {isa = PBXFileReference; lastKnownFileType = sourcecode.swift; path = SideDockOverlayController.swift; sourceTree = "<group>"; };
		72CC724AEB6EDB311FE068EF /* BrowserExternalNavigationPolicy.swift */ = {isa = PBXFileReference; lastKnownFileType = sourcecode.swift; path = BrowserExternalNavigationPolicy.swift; sourceTree = "<group>"; };
		75036857DC21F2F2EAE824D4 /* WebAppFaviconStore.swift */ = {isa = PBXFileReference; lastKnownFileType = sourcecode.swift; path = WebAppFaviconStore.swift; sourceTree = "<group>"; };
		763A5CE2AEC694985D0E9A0C /* WebAppWindowController.swift */ = {isa = PBXFileReference; lastKnownFileType = sourcecode.swift; path = WebAppWindowController.swift; sourceTree = "<group>"; };
		79539E73EF39352B35A55B6C /* LaunchPlaceholderController.swift */ = {isa = PBXFileReference; lastKnownFileType = sourcecode.swift; path = LaunchPlaceholderController.swift; sourceTree = "<group>"; };
		7C0EC99CC12C2CF75E76E9D5 /* RuntimeModels.swift */ = {isa = PBXFileReference; lastKnownFileType = sourcecode.swift; path = RuntimeModels.swift; sourceTree = "<group>"; };
		80B48173EF6202C4AFC2C0CC /* 0.3.8.md */ = {isa = PBXFileReference; lastKnownFileType = net.daringfireball.markdown; path = 0.3.8.md; sourceTree = "<group>"; };
		849B0F6F38FBDE8583D3B1FD /* 0.3.1.md */ = {isa = PBXFileReference; lastKnownFileType = net.daringfireball.markdown; path = 0.3.1.md; sourceTree = "<group>"; };
		87C3CC6D21E25D48603009E3 /* ScreenNotchGeometry.swift */ = {isa = PBXFileReference; lastKnownFileType = sourcecode.swift; path = ScreenNotchGeometry.swift; sourceTree = "<group>"; };
		88EC8D00E538C11AEE9087EC /* WebAppWindowPlacementLaunchTests.swift */ = {isa = PBXFileReference; lastKnownFileType = sourcecode.swift; path = WebAppWindowPlacementLaunchTests.swift; sourceTree = "<group>"; };
		8BD8BAF9F67E646378E54D35 /* SettingsSectionView.swift */ = {isa = PBXFileReference; lastKnownFileType = sourcecode.swift; path = SettingsSectionView.swift; sourceTree = "<group>"; };
		91EA688FCF891D0DB8CCF1D5 /* WindowVisibleCoverageTests.swift */ = {isa = PBXFileReference; lastKnownFileType = sourcecode.swift; path = WindowVisibleCoverageTests.swift; sourceTree = "<group>"; };
		96D58A33C3AB4593FEB6B6A6 /* RuntimeAppLock.swift */ = {isa = PBXFileReference; lastKnownFileType = sourcecode.swift; path = RuntimeAppLock.swift; sourceTree = "<group>"; };
		986EA0E7897C2F2D26403B3B /* WebAppPreferencesStoreTests.swift */ = {isa = PBXFileReference; lastKnownFileType = sourcecode.swift; path = WebAppPreferencesStoreTests.swift; sourceTree = "<group>"; };
		9A3D6B61EB93AE1AFA51A087 /* 0.3.2.md */ = {isa = PBXFileReference; lastKnownFileType = net.daringfireball.markdown; path = 0.3.2.md; sourceTree = "<group>"; };
		9D6A45B4921BAA3A28B06BED /* BrowserChromeThemeTests.swift */ = {isa = PBXFileReference; lastKnownFileType = sourcecode.swift; path = BrowserChromeThemeTests.swift; sourceTree = "<group>"; };
		A1E2516F5B243B824826C4EB /* RuntimeHealthMonitor.swift */ = {isa = PBXFileReference; lastKnownFileType = sourcecode.swift; path = RuntimeHealthMonitor.swift; sourceTree = "<group>"; };
		A74C37C51A6E878F1EBB10F8 /* LauncherPresentationContext.swift */ = {isa = PBXFileReference; lastKnownFileType = sourcecode.swift; path = LauncherPresentationContext.swift; sourceTree = "<group>"; };
		A8B239093AFEBF2974ED7349 /* RuntimeCommandBus.swift */ = {isa = PBXFileReference; lastKnownFileType = sourcecode.swift; path = RuntimeCommandBus.swift; sourceTree = "<group>"; };
		A914E86F1ECA2915BA025350 /* RuntimeRegistryStore.swift */ = {isa = PBXFileReference; lastKnownFileType = sourcecode.swift; path = RuntimeRegistryStore.swift; sourceTree = "<group>"; };
		AC891DBB5C3E7A9AF43B963D /* BrowserDownloadManager.swift */ = {isa = PBXFileReference; lastKnownFileType = sourcecode.swift; path = BrowserDownloadManager.swift; sourceTree = "<group>"; };
		B2F17F52846B3347E6D0CEC6 /* PanelCard.swift */ = {isa = PBXFileReference; lastKnownFileType = sourcecode.swift; path = PanelCard.swift; sourceTree = "<group>"; };
		BA171A0F1CA54F7B60F770FC /* BrowserContainerView.swift */ = {isa = PBXFileReference; lastKnownFileType = sourcecode.swift; path = BrowserContainerView.swift; sourceTree = "<group>"; };
		BA34B0B97F4B266F3C68F392 /* BrowserBookmarkTests.swift */ = {isa = PBXFileReference; lastKnownFileType = sourcecode.swift; path = BrowserBookmarkTests.swift; sourceTree = "<group>"; };
		BC7EE445D7133B2C7D938035 /* README.md */ = {isa = PBXFileReference; lastKnownFileType = net.daringfireball.markdown; path = README.md; sourceTree = "<group>"; };
		C49E6C595618896648351FC8 /* AppUpdater.swift */ = {isa = PBXFileReference; lastKnownFileType = sourcecode.swift; path = AppUpdater.swift; sourceTree = "<group>"; };
		C57977D8DAC4B5A0185A191C /* LaunchPlaceholderCoordinatorTests.swift */ = {isa = PBXFileReference; lastKnownFileType = sourcecode.swift; path = LaunchPlaceholderCoordinatorTests.swift; sourceTree = "<group>"; };
		C5E6F0BF947576532272930B /* WebAppRuntimeCoordinator.swift */ = {isa = PBXFileReference; lastKnownFileType = sourcecode.swift; path = WebAppRuntimeCoordinator.swift; sourceTree = "<group>"; };
		C6FD8328846416C483CD639B /* NotchDebugOverlayController.swift */ = {isa = PBXFileReference; lastKnownFileType = sourcecode.swift; path = NotchDebugOverlayController.swift; sourceTree = "<group>"; };
		CA36AC137155F2119DABC19B /* Info.plist */ = {isa = PBXFileReference; lastKnownFileType = text.plist; path = Info.plist; sourceTree = "<group>"; };
		CC03737ED14842B918B3908A /* BrowserPasskeySupport.swift */ = {isa = PBXFileReference; lastKnownFileType = sourcecode.swift; path = BrowserPasskeySupport.swift; sourceTree = "<group>"; };
		CD2E26CB1D77219F87EEEC70 /* Assets.xcassets */ = {isa = PBXFileReference; lastKnownFileType = folder.assetcatalog; path = Assets.xcassets; sourceTree = "<group>"; };
		CD7BD55FB4EA79C3E38633C3 /* Info.plist */ = {isa = PBXFileReference; lastKnownFileType = text.plist; path = Info.plist; sourceTree = "<group>"; };
		CE823187BD8E760027A23AEA /* RuntimeBootstrapLoader.swift */ = {isa = PBXFileReference; lastKnownFileType = sourcecode.swift; path = RuntimeBootstrapLoader.swift; sourceTree = "<group>"; };
		D01470053B576991060F122F /* Localizable.xcstrings */ = {isa = PBXFileReference; lastKnownFileType = text.json.xcstrings; path = Localizable.xcstrings; sourceTree = "<group>"; };
		D060C4D3DD8DC88849971C39 /* DashboardView.swift */ = {isa = PBXFileReference; lastKnownFileType = sourcecode.swift; path = DashboardView.swift; sourceTree = "<group>"; };
		D153AAAC2CEBD9238FE58516 /* FloatingIconSnapResolverTests.swift */ = {isa = PBXFileReference; lastKnownFileType = sourcecode.swift; path = FloatingIconSnapResolverTests.swift; sourceTree = "<group>"; };
		D3CE40D02F56E2FB33B16AB7 /* NeatWebApp.app */ = {isa = PBXFileReference; explicitFileType = wrapper.application; includeInIndex = 0; path = NeatWebApp.app; sourceTree = BUILT_PRODUCTS_DIR; };
		D655A12D149676C1882C6B87 /* WindowVisibleCoverage.swift */ = {isa = PBXFileReference; lastKnownFileType = sourcecode.swift; path = WindowVisibleCoverage.swift; sourceTree = "<group>"; };
		D92C202F3DBD60B884B83F07 /* WebAppURLInputResolverTests.swift */ = {isa = PBXFileReference; lastKnownFileType = sourcecode.swift; path = WebAppURLInputResolverTests.swift; sourceTree = "<group>"; };
		D97408F059C53BA18814C526 /* NeatWebAppRuntimeTests.xctest */ = {isa = PBXFileReference; explicitFileType = wrapper.cfbundle; includeInIndex = 0; path = NeatWebAppRuntimeTests.xctest; sourceTree = BUILT_PRODUCTS_DIR; };
		D9F92FAFEBB2F65CE0F330E8 /* AppModel.swift */ = {isa = PBXFileReference; lastKnownFileType = sourcecode.swift; path = AppModel.swift; sourceTree = "<group>"; };
		DC89CB73A4690FD61F43D63C /* RuntimeEventPublisher.swift */ = {isa = PBXFileReference; lastKnownFileType = sourcecode.swift; path = RuntimeEventPublisher.swift; sourceTree = "<group>"; };
		E04E737919EBF36DA156FC46 /* publish-release.sh */ = {isa = PBXFileReference; lastKnownFileType = text.script.sh; path = "publish-release.sh"; sourceTree = "<group>"; };
		E5CCC3AE22EB5530C71B5058 /* SideDockPlacementTests.swift */ = {isa = PBXFileReference; lastKnownFileType = sourcecode.swift; path = SideDockPlacementTests.swift; sourceTree = "<group>"; };
		E99EC881717F8D1FB6B86741 /* CLAUDE.md */ = {isa = PBXFileReference; lastKnownFileType = net.daringfireball.markdown; path = CLAUDE.md; sourceTree = "<group>"; };
		EC457812D675337401F6B7A6 /* AppDelegate.swift */ = {isa = PBXFileReference; lastKnownFileType = sourcecode.swift; path = AppDelegate.swift; sourceTree = "<group>"; };
		ED7BC742F636A67853E2AE7F /* CustomWebAppStore.swift */ = {isa = PBXFileReference; lastKnownFileType = sourcecode.swift; path = CustomWebAppStore.swift; sourceTree = "<group>"; };
		EDAACF7514AACDFED1FCC44F /* AppPreferencesStore.swift */ = {isa = PBXFileReference; lastKnownFileType = sourcecode.swift; path = AppPreferencesStore.swift; sourceTree = "<group>"; };
		EF732394FEB42B01E110C5DB /* WebAppWindowLaunchFrameTests.swift */ = {isa = PBXFileReference; lastKnownFileType = sourcecode.swift; path = WebAppWindowLaunchFrameTests.swift; sourceTree = "<group>"; };
		EFB69C041590CEFEA4AF732C /* RuntimeLauncher.swift */ = {isa = PBXFileReference; lastKnownFileType = sourcecode.swift; path = RuntimeLauncher.swift; sourceTree = "<group>"; };
		F064968ED7E8033EDBBE526F /* WebAppWindowAutoCollapseTests.swift */ = {isa = PBXFileReference; lastKnownFileType = sourcecode.swift; path = WebAppWindowAutoCollapseTests.swift; sourceTree = "<group>"; };
		F1E4BB2F4C92B1295A9ABB38 /* BrowserExternalNavigationPolicyTests.swift */ = {isa = PBXFileReference; lastKnownFileType = sourcecode.swift; path = BrowserExternalNavigationPolicyTests.swift; sourceTree = "<group>"; };
		F2D4EECA16C7190F742BB7C4 /* LauncherRowReorderTests.swift */ = {isa = PBXFileReference; lastKnownFileType = sourcecode.swift; path = LauncherRowReorderTests.swift; sourceTree = "<group>"; };
		F32E86D67D9B8B720606D7BD /* 0.3.9.md */ = {isa = PBXFileReference; lastKnownFileType = net.daringfireball.markdown; path = 0.3.9.md; sourceTree = "<group>"; };
		F510DB1DB8B76472F5AC77B9 /* 0.3.5.md */ = {isa = PBXFileReference; lastKnownFileType = net.daringfireball.markdown; path = 0.3.5.md; sourceTree = "<group>"; };
		F99DF162F766071E7C75979E /* SideDockPresentationContext.swift */ = {isa = PBXFileReference; lastKnownFileType = sourcecode.swift; path = SideDockPresentationContext.swift; sourceTree = "<group>"; };
		FA8F22A5E992C6968559C1A0 /* BrowserChromeTheme.swift */ = {isa = PBXFileReference; lastKnownFileType = sourcecode.swift; path = BrowserChromeTheme.swift; sourceTree = "<group>"; };
		FAEE97117BE593E10BB07730 /* AGENTS.md */ = {isa = PBXFileReference; lastKnownFileType = net.daringfireball.markdown; path = AGENTS.md; sourceTree = "<group>"; };
		FE60801E69B416C54C5B0F2C /* LauncherOverlayRootView.swift */ = {isa = PBXFileReference; lastKnownFileType = sourcecode.swift; path = LauncherOverlayRootView.swift; sourceTree = "<group>"; };
		FEED82A73EBCD1156B758A75 /* WebAppIconNormalizer.swift */ = {isa = PBXFileReference; lastKnownFileType = sourcecode.swift; path = WebAppIconNormalizer.swift; sourceTree = "<group>"; };
/* End PBXFileReference section */

/* Begin PBXFrameworksBuildPhase section */
		0399C15EF6E4E6E4AEA11C3C /* Frameworks */ = {
			isa = PBXFrameworksBuildPhase;
			buildActionMask = 2147483647;
			files = (
				173CA1F547E8310731440DE9 /* Sparkle in Frameworks */,
				FAF7FBAF8D6E3369A3705DF2 /* MacKitCore in Frameworks */,
				DA2F86395CCCBF1CF6C3F27B /* MacKitLaunchAtLogin in Frameworks */,
				99E063C94472E720E4759907 /* MacKitLifecycle in Frameworks */,
			);
			runOnlyForDeploymentPostprocessing = 0;
		};
/* End PBXFrameworksBuildPhase section */

/* Begin PBXGroup section */
		08D30276935B78B6845CEBF4 /* NeatWebAppRuntimeTests */ = {
			isa = PBXGroup;
			children = (
				BA34B0B97F4B266F3C68F392 /* BrowserBookmarkTests.swift */,
				9D6A45B4921BAA3A28B06BED /* BrowserChromeThemeTests.swift */,
				5251982D120DB93D8AF56428 /* BrowserDownloadDestinationResolverTests.swift */,
				5796CBD649870F8E876FEB1E /* BrowserElementHidingTests.swift */,
				F1E4BB2F4C92B1295A9ABB38 /* BrowserExternalNavigationPolicyTests.swift */,
				2F7BE1250B6C8CE2B61ADCA7 /* BrowserKeyCommandTests.swift */,
				D153AAAC2CEBD9238FE58516 /* FloatingIconSnapResolverTests.swift */,
				F064968ED7E8033EDBBE526F /* WebAppWindowAutoCollapseTests.swift */,
				EF732394FEB42B01E110C5DB /* WebAppWindowLaunchFrameTests.swift */,
				91EA688FCF891D0DB8CCF1D5 /* WindowVisibleCoverageTests.swift */,
			);
			path = NeatWebAppRuntimeTests;
			sourceTree = "<group>";
		};
		10202B68B0B46A2A05EFB217 /* Browser */ = {
			isa = PBXGroup;
			children = (
				67631CD7ABA5264A3299E2A0 /* AppKitBridge */,
				FA8F22A5E992C6968559C1A0 /* BrowserChromeTheme.swift */,
				BA171A0F1CA54F7B60F770FC /* BrowserContainerView.swift */,
				3117F16F6830A5EFCBDB74C0 /* BrowserDownloadDestinationResolver.swift */,
				13B1D1874DBD1A50BF2D4449 /* BrowserElementHidingScript.swift */,
				72CC724AEB6EDB311FE068EF /* BrowserExternalNavigationPolicy.swift */,
				5D23996E32BE971B55D6AED5 /* BrowserKeyCommand.swift */,
				CC03737ED14842B918B3908A /* BrowserPasskeySupport.swift */,
				2BB10AA221B5D6084CE21715 /* BrowserSelectorFinderScript.swift */,
				4439DB55CDCD672746B164E7 /* BrowserSession.swift */,
				D01470053B576991060F122F /* Localizable.xcstrings */,
			);
			path = Browser;
			sourceTree = "<group>";
		};
		1611A32D798D9B0E174D2384 /* Tests */ = {
			isa = PBXGroup;
			children = (
				08D30276935B78B6845CEBF4 /* NeatWebAppRuntimeTests */,
				240E58313E1F67E04C81AE8A /* NeatWebAppTests */,
			);
			path = Tests;
			sourceTree = "<group>";
		};
		240E58313E1F67E04C81AE8A /* NeatWebAppTests */ = {
			isa = PBXGroup;
			children = (
				328823D85B1C5AD54D457E25 /* LauncherPresentationContextTests.swift */,
				F2D4EECA16C7190F742BB7C4 /* LauncherRowReorderTests.swift */,
				C57977D8DAC4B5A0185A191C /* LaunchPlaceholderCoordinatorTests.swift */,
				67AF2EF3073DEBCB1658B445 /* RuntimeHealthMonitorTests.swift */,
				5FB57677B77DDAA3883AD1B3 /* RuntimeRegistryStoreTests.swift */,
				257582CB762D9D88BF321BAE /* ScreenNotchGeometryTests.swift */,
				E5CCC3AE22EB5530C71B5058 /* SideDockPlacementTests.swift */,
				34536C862027508BBA1363F6 /* WebAppFaviconStoreTests.swift */,
				986EA0E7897C2F2D26403B3B /* WebAppPreferencesStoreTests.swift */,
				D92C202F3DBD60B884B83F07 /* WebAppURLInputResolverTests.swift */,
				88EC8D00E538C11AEE9087EC /* WebAppWindowPlacementLaunchTests.swift */,
			);
			path = NeatWebAppTests;
			sourceTree = "<group>";
		};
		3771EF9760EB9D9F2518FB43 /* Sources */ = {
			isa = PBXGroup;
			children = (
				FE510B09AE9992B2892FB3F8 /* NeatWebApp */,
				7CC422E1333334373B27BD98 /* NeatWebAppRuntime */,
				440903D20951D8E07C1E5A1A /* Shared */,
			);
			path = Sources;
			sourceTree = "<group>";
		};
		3F0E4E34618244774A750FCA /* Settings */ = {
			isa = PBXGroup;
			children = (
				8BD8BAF9F67E646378E54D35 /* SettingsSectionView.swift */,
			);
			path = Settings;
			sourceTree = "<group>";
		};
		3FD4283F00E8CC254E4F7F82 /* Products */ = {
			isa = PBXGroup;
			children = (
				D3CE40D02F56E2FB33B16AB7 /* NeatWebApp.app */,
				0920FC54E3D4541E7073362D /* NeatWebAppRuntime.app */,
				D97408F059C53BA18814C526 /* NeatWebAppRuntimeTests.xctest */,
				169D69E2AF778CCFAFBF5CDB /* NeatWebAppTests.xctest */,
			);
			name = Products;
			sourceTree = "<group>";
		};
		436CBA0D2B5B0796BBAD5B79 /* Runtime */ = {
			isa = PBXGroup;
			children = (
				96D58A33C3AB4593FEB6B6A6 /* RuntimeAppLock.swift */,
				A8B239093AFEBF2974ED7349 /* RuntimeCommandBus.swift */,
				7C0EC99CC12C2CF75E76E9D5 /* RuntimeModels.swift */,
				A914E86F1ECA2915BA025350 /* RuntimeRegistryStore.swift */,
				1E2D2259F0A936D72B79F370 /* RuntimeSupportDirectory.swift */,
			);
			path = Runtime;
			sourceTree = "<group>";
		};
		440903D20951D8E07C1E5A1A /* Shared */ = {
			isa = PBXGroup;
			children = (
				F469E534218F62DDC059A700 /* Browser */,
				436CBA0D2B5B0796BBAD5B79 /* Runtime */,
			);
			path = Shared;
			sourceTree = "<group>";
		};
		5457E09BDE596CFB321D0343 /* Dashboard */ = {
			isa = PBXGroup;
			children = (
				D060C4D3DD8DC88849971C39 /* DashboardView.swift */,
			);
			path = Dashboard;
			sourceTree = "<group>";
		};
		67631CD7ABA5264A3299E2A0 /* AppKitBridge */ = {
			isa = PBXGroup;
			children = (
				AC891DBB5C3E7A9AF43B963D /* BrowserDownloadManager.swift */,
				439B6E6D82411C62C8C81826 /* BrowserWebView.swift */,
			);
			path = AppKitBridge;
			sourceTree = "<group>";
		};
		69AC0881A97AC03E7B1E35CD /* release-notes */ = {
			isa = PBXGroup;
			children = (
				849B0F6F38FBDE8583D3B1FD /* 0.3.1.md */,
				9A3D6B61EB93AE1AFA51A087 /* 0.3.2.md */,
				227C0DAE2EAFC68634EB0C6B /* 0.3.4.md */,
				F510DB1DB8B76472F5AC77B9 /* 0.3.5.md */,
				12286D0DC034FFFA6F5A17EA /* 0.3.6.md */,
				6366139A94DCBB7DE18313AE /* 0.3.7.md */,
				80B48173EF6202C4AFC2C0CC /* 0.3.8.md */,
				F32E86D67D9B8B720606D7BD /* 0.3.9.md */,
				4C168513923E317D80AEDF8A /* 0.3.10.md */,
				0B5C7B4A6BAB51C5E4DC2120 /* 0.3.11.md */,
			);
			path = "release-notes";
			sourceTree = "<group>";
		};
		70A7009B618C567783974290 /* Resources */ = {
			isa = PBXGroup;
			children = (
				26C080DE9BFB192B813F8AF3 /* Localizable.xcstrings */,
			);
			path = Resources;
			sourceTree = "<group>";
		};
		70FDE6E00E631AE9DE05D21E /* App */ = {
			isa = PBXGroup;
			children = (
				CA36AC137155F2119DABC19B /* Info.plist */,
				0EB67C38393D8498752F7523 /* NeatWebAppRuntime.entitlements */,
				598C296D366948C8346E36D6 /* NeatWebAppRuntimeApp.swift */,
			);
			path = App;
			sourceTree = "<group>";
		};
		7C10B1C8FFAC0233790A4FFE /* SideDock */ = {
			isa = PBXGroup;
			children = (
				240A47338060B03D8E69B6C5 /* ClearLiquidGlass.swift */,
				4358833521E486B408BC9DBC /* SideDockOverlayRootView.swift */,
			);
			path = SideDock;
			sourceTree = "<group>";
		};
		7CC422E1333334373B27BD98 /* NeatWebAppRuntime */ = {
			isa = PBXGroup;
			children = (
				70FDE6E00E631AE9DE05D21E /* App */,
				B4C39CB07ED31898505A8748 /* Services */,
			);
			path = NeatWebAppRuntime;
			sourceTree = "<group>";
		};
		9C62D0453FDC29E950D879E5 /* Models */ = {
			isa = PBXGroup;
			children = (
				A74C37C51A6E878F1EBB10F8 /* LauncherPresentationContext.swift */,
				87C3CC6D21E25D48603009E3 /* ScreenNotchGeometry.swift */,
				F99DF162F766071E7C75979E /* SideDockPresentationContext.swift */,
				1D78768CFFDF415F11384B4F /* WebAppDefinition.swift */,
			);
			path = Models;
			sourceTree = "<group>";
		};
		A17748DDAE8174F10646C9C0 /* Launcher */ = {
			isa = PBXGroup;
			children = (
				FE60801E69B416C54C5B0F2C /* LauncherOverlayRootView.swift */,
			);
			path = Launcher;
			sourceTree = "<group>";
		};
		A608912A86BA43A266C85FB2 /* Shared */ = {
			isa = PBXGroup;
			children = (
				1220370641773E0765018F0B /* EdgeAttachedShape.swift */,
				B2F17F52846B3347E6D0CEC6 /* PanelCard.swift */,
				104516AB0D614875D050B34D /* WebAppIconView.swift */,
			);
			path = Shared;
			sourceTree = "<group>";
		};
		B4C39CB07ED31898505A8748 /* Services */ = {
			isa = PBXGroup;
			children = (
				444290C186B94D63848D4F55 /* RuntimeAppModel.swift */,
				CE823187BD8E760027A23AEA /* RuntimeBootstrapLoader.swift */,
				4F27201C35EE84004BEEE965 /* RuntimeCommandListener.swift */,
				DC89CB73A4690FD61F43D63C /* RuntimeEventPublisher.swift */,
				30FF2F672DE51BE72D9EDBC5 /* RuntimeWindowCoordinator.swift */,
			);
			path = Services;
			sourceTree = "<group>";
		};
		BF1E323A45E4D171BADCE6BC /* scripts */ = {
			isa = PBXGroup;
			children = (
				69AC0881A97AC03E7B1E35CD /* release-notes */,
				E04E737919EBF36DA156FC46 /* publish-release.sh */,
			);
			path = scripts;
			sourceTree = "<group>";
		};
		D5074A44EC3600AEC3CBD934 = {
			isa = PBXGroup;
			children = (
				BF1E323A45E4D171BADCE6BC /* scripts */,
				3771EF9760EB9D9F2518FB43 /* Sources */,
				1611A32D798D9B0E174D2384 /* Tests */,
				FAEE97117BE593E10BB07730 /* AGENTS.md */,
				E99EC881717F8D1FB6B86741 /* CLAUDE.md */,
				BC7EE445D7133B2C7D938035 /* README.md */,
				3FD4283F00E8CC254E4F7F82 /* Products */,
			);
			sourceTree = "<group>";
		};
		E0A76F352720883EEE9272EC /* App */ = {
			isa = PBXGroup;
			children = (
				22AB86B7F555EAF061B89125 /* AppCommands.swift */,
				EC457812D675337401F6B7A6 /* AppDelegate.swift */,
				CD7BD55FB4EA79C3E38633C3 /* Info.plist */,
				3F07BEE185914D85B8B405A5 /* NeatWebAppApp.swift */,
			);
			path = App;
			sourceTree = "<group>";
		};
		F0A3370C6F7499A6950156D5 /* Services */ = {
			isa = PBXGroup;
			children = (
				D9F92FAFEBB2F65CE0F330E8 /* AppModel.swift */,
				EDAACF7514AACDFED1FCC44F /* AppPreferencesStore.swift */,
				C49E6C595618896648351FC8 /* AppUpdater.swift */,
				ED7BC742F636A67853E2AE7F /* CustomWebAppStore.swift */,
				249468F78ECB158EF76D893C /* LauncherOverlayController.swift */,
				79539E73EF39352B35A55B6C /* LaunchPlaceholderController.swift */,
				270DC815CF6E78E43385C81D /* NotchActivationMonitor.swift */,
				C6FD8328846416C483CD639B /* NotchDebugOverlayController.swift */,
				A1E2516F5B243B824826C4EB /* RuntimeHealthMonitor.swift */,
				EFB69C041590CEFEA4AF732C /* RuntimeLauncher.swift */,
				6D4E7683C0CD075DD5F6B3AD /* SideDockOverlayController.swift */,
				6535023594466573F6BD745C /* WebAppFaviconLoader.swift */,
				75036857DC21F2F2EAE824D4 /* WebAppFaviconStore.swift */,
				072288DA8EFC3A54629E1706 /* WebAppFloatingIconSupport.swift */,
				FEED82A73EBCD1156B758A75 /* WebAppIconNormalizer.swift */,
				05FF8BDDD02D5490C18E7386 /* WebAppPreferencesStore.swift */,
				C5E6F0BF947576532272930B /* WebAppRuntimeCoordinator.swift */,
				763A5CE2AEC694985D0E9A0C /* WebAppWindowController.swift */,
				D655A12D149676C1882C6B87 /* WindowVisibleCoverage.swift */,
			);
			path = Services;
			sourceTree = "<group>";
		};
		F469E534218F62DDC059A700 /* Browser */ = {
			isa = PBXGroup;
			children = (
				4E81A643E0AC051FB57F3B7B /* BrowserChromeMetrics.swift */,
				264BF76706370BC0E8430900 /* WebAppWindowMetrics.swift */,
				25784BC1A0C406BBC0010C40 /* WebAppWindowPlacement.swift */,
			);
			path = Browser;
			sourceTree = "<group>";
		};
		FB92790582C9B1B5E275A41F /* Features */ = {
			isa = PBXGroup;
			children = (
				10202B68B0B46A2A05EFB217 /* Browser */,
				5457E09BDE596CFB321D0343 /* Dashboard */,
				A17748DDAE8174F10646C9C0 /* Launcher */,
				3F0E4E34618244774A750FCA /* Settings */,
				A608912A86BA43A266C85FB2 /* Shared */,
				7C10B1C8FFAC0233790A4FFE /* SideDock */,
			);
			path = Features;
			sourceTree = "<group>";
		};
		FE510B09AE9992B2892FB3F8 /* NeatWebApp */ = {
			isa = PBXGroup;
			children = (
				E0A76F352720883EEE9272EC /* App */,
				FB92790582C9B1B5E275A41F /* Features */,
				9C62D0453FDC29E950D879E5 /* Models */,
				70A7009B618C567783974290 /* Resources */,
				F0A3370C6F7499A6950156D5 /* Services */,
				CD2E26CB1D77219F87EEEC70 /* Assets.xcassets */,
			);
			path = NeatWebApp;
			sourceTree = "<group>";
		};
/* End PBXGroup section */

/* Begin PBXNativeTarget section */
		72B403082BC00B6636D86890 /* NeatWebAppRuntime */ = {
			isa = PBXNativeTarget;
			buildConfigurationList = CF35DACB81462154B3FA3B77 /* Build configuration list for PBXNativeTarget "NeatWebAppRuntime" */;
			buildPhases = (
				D6912B6AE24A2B49FC6CF9ED /* Sources */,
				370760FE70D1768B69EF0F23 /* Resources */,
			);
			buildRules = (
			);
			dependencies = (
			);
			name = NeatWebAppRuntime;
			packageProductDependencies = (
			);
			productName = NeatWebAppRuntime;
			productReference = 0920FC54E3D4541E7073362D /* NeatWebAppRuntime.app */;
			productType = "com.apple.product-type.application";
		};
		BFF4B9D25682D9A99393461E /* NeatWebAppTests */ = {
			isa = PBXNativeTarget;
			buildConfigurationList = C6C7CE586E62509F7C82E712 /* Build configuration list for PBXNativeTarget "NeatWebAppTests" */;
			buildPhases = (
				232E3261F2556C0AB07485B6 /* Sources */,
			);
			buildRules = (
			);
			dependencies = (
				4E6FE2F06569043089B19110 /* PBXTargetDependency */,
			);
			name = NeatWebAppTests;
			packageProductDependencies = (
			);
			productName = NeatWebAppTests;
			productReference = 169D69E2AF778CCFAFBF5CDB /* NeatWebAppTests.xctest */;
			productType = "com.apple.product-type.bundle.unit-test";
		};
		D1EC521A65C3E7BC1C143B4B /* NeatWebAppRuntimeTests */ = {
			isa = PBXNativeTarget;
			buildConfigurationList = FD3333286EE5AFC3177941F5 /* Build configuration list for PBXNativeTarget "NeatWebAppRuntimeTests" */;
			buildPhases = (
				901569042DBAE25E8F10F494 /* Sources */,
			);
			buildRules = (
			);
			dependencies = (
				0B11CC85FD1AB43062A04C00 /* PBXTargetDependency */,
			);
			name = NeatWebAppRuntimeTests;
			packageProductDependencies = (
			);
			productName = NeatWebAppRuntimeTests;
			productReference = D97408F059C53BA18814C526 /* NeatWebAppRuntimeTests.xctest */;
			productType = "com.apple.product-type.bundle.unit-test";
		};
		FB04F29A1BD3B13B73302B10 /* NeatWebApp */ = {
			isa = PBXNativeTarget;
			buildConfigurationList = 74233E56A9A3973751FBCB75 /* Build configuration list for PBXNativeTarget "NeatWebApp" */;
			buildPhases = (
				813818C49D27E0143323184B /* Sources */,
				1E28413B6800193084305DEE /* Resources */,
				0399C15EF6E4E6E4AEA11C3C /* Frameworks */,
				1F2D3F7119DB761B60D37CFC /* Embed Dependencies */,
			);
			buildRules = (
			);
			dependencies = (
				9D9258D2D2D2B5A5A2B49B57 /* PBXTargetDependency */,
			);
			name = NeatWebApp;
			packageProductDependencies = (
				AA0ABD4338F057DC89950485 /* Sparkle */,
				4432EC9595E47AAEBDF6385C /* MacKitCore */,
				2D9B2A868187A831F2C1C3BA /* MacKitLaunchAtLogin */,
				A82CEC9C739DBA32DB5BEC54 /* MacKitLifecycle */,
			);
			productName = NeatWebApp;
			productReference = D3CE40D02F56E2FB33B16AB7 /* NeatWebApp.app */;
			productType = "com.apple.product-type.application";
		};
/* End PBXNativeTarget section */

/* Begin PBXProject section */
		5D4339875356890C6F82C180 /* Project object */ = {
			isa = PBXProject;
			attributes = {
				BuildIndependentTargetsInParallel = YES;
				LastUpgradeCheck = 1620;
				TargetAttributes = {
					72B403082BC00B6636D86890 = {
						DevelopmentTeam = SHZQ3MWP3B;
					};
					BFF4B9D25682D9A99393461E = {
						DevelopmentTeam = SHZQ3MWP3B;
					};
					D1EC521A65C3E7BC1C143B4B = {
						DevelopmentTeam = SHZQ3MWP3B;
					};
					FB04F29A1BD3B13B73302B10 = {
						DevelopmentTeam = SHZQ3MWP3B;
					};
				};
			};
			buildConfigurationList = 3713881D6A265850FA6ED279 /* Build configuration list for PBXProject "NeatWebApp" */;
			developmentRegion = "zh-Hans";
			hasScannedForEncodings = 0;
			knownRegions = (
				Base,
				en,
				"zh-Hans",
			);
			mainGroup = D5074A44EC3600AEC3CBD934;
			minimizedProjectReferenceProxies = 1;
			packageReferences = (
				9FB9EA900030946BF94DE935 /* XCRemoteSwiftPackageReference "mac-kit-swift" */,
				7C92EE8F3F20640F3788DB13 /* XCRemoteSwiftPackageReference "Sparkle" */,
			);
			preferredProjectObjectVersion = 77;
			productRefGroup = 3FD4283F00E8CC254E4F7F82 /* Products */;
			projectDirPath = "";
			projectRoot = "";
			targets = (
				FB04F29A1BD3B13B73302B10 /* NeatWebApp */,
				72B403082BC00B6636D86890 /* NeatWebAppRuntime */,
				BFF4B9D25682D9A99393461E /* NeatWebAppTests */,
				D1EC521A65C3E7BC1C143B4B /* NeatWebAppRuntimeTests */,
			);
		};
/* End PBXProject section */

/* Begin PBXResourcesBuildPhase section */
		1E28413B6800193084305DEE /* Resources */ = {
			isa = PBXResourcesBuildPhase;
			buildActionMask = 2147483647;
			files = (
				053608AFD602E78D14D150F2 /* Assets.xcassets in Resources */,
				A7243172079700FAA6172130 /* Localizable.xcstrings in Resources */,
			);
			runOnlyForDeploymentPostprocessing = 0;
		};
		370760FE70D1768B69EF0F23 /* Resources */ = {
			isa = PBXResourcesBuildPhase;
			buildActionMask = 2147483647;
			files = (
				63AD3C45FA8BB7FB529986E6 /* Assets.xcassets in Resources */,
				FD177764B8FA812F38A6F9F0 /* Localizable.xcstrings in Resources */,
			);
			runOnlyForDeploymentPostprocessing = 0;
		};
/* End PBXResourcesBuildPhase section */

/* Begin PBXSourcesBuildPhase section */
		232E3261F2556C0AB07485B6 /* Sources */ = {
			isa = PBXSourcesBuildPhase;
			buildActionMask = 2147483647;
			files = (
				D30327832ACF73029AA7CA9B /* LaunchPlaceholderCoordinatorTests.swift in Sources */,
				FF83C2338E69D5313467C47E /* LauncherPresentationContextTests.swift in Sources */,
				4EB5CD6DB5738575F6F05DCB /* LauncherRowReorderTests.swift in Sources */,
				38CDA3B1E1182BF7F8B70EA2 /* RuntimeHealthMonitorTests.swift in Sources */,
				EF92116A31AAC5E5495BABF0 /* RuntimeRegistryStoreTests.swift in Sources */,
				7708C8387BBDDD99B1A8844B /* ScreenNotchGeometryTests.swift in Sources */,
				2FD276B0431BABBAD93435EB /* SideDockPlacementTests.swift in Sources */,
				B0C402224827E36022AB2A7A /* WebAppFaviconStoreTests.swift in Sources */,
				99A94B44370712902506AB45 /* WebAppPreferencesStoreTests.swift in Sources */,
				28B8CFA8A8A98A83B1740F3E /* WebAppURLInputResolverTests.swift in Sources */,
				958F48D31F36B3218AE09DF6 /* WebAppWindowPlacementLaunchTests.swift in Sources */,
			);
			runOnlyForDeploymentPostprocessing = 0;
		};
		813818C49D27E0143323184B /* Sources */ = {
			isa = PBXSourcesBuildPhase;
			buildActionMask = 2147483647;
			files = (
				E94BA4C2883BA0A5A5AA1A41 /* AppCommands.swift in Sources */,
				9B0877DF32DA630BAE907157 /* AppDelegate.swift in Sources */,
				898824A26C5D682CE7DBF77E /* AppModel.swift in Sources */,
				0937D755A341693BD29F6C32 /* AppPreferencesStore.swift in Sources */,
				10CEDA335E08D5DDCFD2A49A /* AppUpdater.swift in Sources */,
				4493182F44AAD82381CE5F32 /* BrowserChromeMetrics.swift in Sources */,
				6280E750F5CE69B658668FCD /* ClearLiquidGlass.swift in Sources */,
				997D901F57BB98D9038EE3CD /* CustomWebAppStore.swift in Sources */,
				EDB3ADFDB1A47F94A4B018C9 /* DashboardView.swift in Sources */,
				01E935DAB3406150276C32A2 /* EdgeAttachedShape.swift in Sources */,
				FA4E6C07277ABCD961245304 /* LaunchPlaceholderController.swift in Sources */,
				5DF911FC96D21F0E575F2146 /* LauncherOverlayController.swift in Sources */,
				11F5F79C56256DD9DAFACF9E /* LauncherOverlayRootView.swift in Sources */,
				42BB40148402990AFA14688D /* LauncherPresentationContext.swift in Sources */,
				E785257BD4C3D661B97F5472 /* NeatWebAppApp.swift in Sources */,
				50CCC4C251B629C85D8D55CC /* NotchActivationMonitor.swift in Sources */,
				8349B3FEAC8836442C9AF58C /* NotchDebugOverlayController.swift in Sources */,
				2D51EE1180C98E2EBE13B44E /* PanelCard.swift in Sources */,
				CEF7C803632831529F7D9869 /* RuntimeAppLock.swift in Sources */,
				6C91A519FFB072AF843A9F3C /* RuntimeCommandBus.swift in Sources */,
				6936D1598B016139645685BE /* RuntimeHealthMonitor.swift in Sources */,
				C6D0B64D83A5E03D8CFCFD8B /* RuntimeLauncher.swift in Sources */,
				C114E7A96B75BC62B5042DD2 /* RuntimeModels.swift in Sources */,
				39AD98562A2F730ED9F173E0 /* RuntimeRegistryStore.swift in Sources */,
				5F4410B4386D010AE8CDA0F0 /* RuntimeSupportDirectory.swift in Sources */,
				98A529BA559227F47CF540EA /* ScreenNotchGeometry.swift in Sources */,
				57255E5E31B75DA42753471B /* SettingsSectionView.swift in Sources */,
				BED783E45515854457B5BEEE /* SideDockOverlayController.swift in Sources */,
				817BF40EA1083A9C3112C4B0 /* SideDockOverlayRootView.swift in Sources */,
				E1AF795E7A911E19CCC35BD2 /* SideDockPresentationContext.swift in Sources */,
				A99EDC06F81B9C12BFDB2EA6 /* WebAppDefinition.swift in Sources */,
				0086BDE5E84A48A18FB533AB /* WebAppFaviconLoader.swift in Sources */,
				975833919EE8C49A5F5EB1A3 /* WebAppFaviconStore.swift in Sources */,
				81D743A4C462116F8795445A /* WebAppIconNormalizer.swift in Sources */,
				BA238E30F8D0FCBAFEFB1874 /* WebAppIconView.swift in Sources */,
				667AD146E10165D3E8FEAD46 /* WebAppPreferencesStore.swift in Sources */,
				6C94CC55D95577FE7CDDA210 /* WebAppRuntimeCoordinator.swift in Sources */,
				28BAAC3B74C235851F2C8AB6 /* WebAppWindowMetrics.swift in Sources */,
				BF8B414BB1B51D4679447C5C /* WebAppWindowPlacement.swift in Sources */,
			);
			runOnlyForDeploymentPostprocessing = 0;
		};
		901569042DBAE25E8F10F494 /* Sources */ = {
			isa = PBXSourcesBuildPhase;
			buildActionMask = 2147483647;
			files = (
				6C6E5AB34D16B9ACA3A0614F /* BrowserBookmarkTests.swift in Sources */,
				FD91885E43AD5DCA3AAADE01 /* BrowserChromeThemeTests.swift in Sources */,
				0BD6E80B683962E747B95377 /* BrowserDownloadDestinationResolverTests.swift in Sources */,
				F8692DD2259BE6E714D1B800 /* BrowserElementHidingTests.swift in Sources */,
				4384F6169C196F6F52958A24 /* BrowserExternalNavigationPolicyTests.swift in Sources */,
				1CDF8DC2F1C5EF9ED3EEFD58 /* BrowserKeyCommandTests.swift in Sources */,
				C91EE5D52855A67FAB29DB0D /* FloatingIconSnapResolverTests.swift in Sources */,
				C7CFB29D76DCBF3C46AF31BF /* WebAppWindowAutoCollapseTests.swift in Sources */,
				3F55DE9DA94A02B25FAD683E /* WebAppWindowLaunchFrameTests.swift in Sources */,
				A2E13446DACEC8A5009DE4B8 /* WindowVisibleCoverageTests.swift in Sources */,
			);
			runOnlyForDeploymentPostprocessing = 0;
		};
		D6912B6AE24A2B49FC6CF9ED /* Sources */ = {
			isa = PBXSourcesBuildPhase;
			buildActionMask = 2147483647;
			files = (
				6921020C87F48CD71F445EC7 /* BrowserChromeMetrics.swift in Sources */,
				C8438F83176D348E92597F40 /* BrowserChromeTheme.swift in Sources */,
				03DC0D096D237AE010145EDE /* BrowserContainerView.swift in Sources */,
				F1ECF8A7EFDFC91290F01450 /* BrowserDownloadDestinationResolver.swift in Sources */,
				1FB2A9FDAC6C02C2A8AB783F /* BrowserDownloadManager.swift in Sources */,
				841A0DC1EABE5B409CE32E32 /* BrowserElementHidingScript.swift in Sources */,
				B22E00514FCD745321704093 /* BrowserExternalNavigationPolicy.swift in Sources */,
				EE10CEDD2CCD3C778298619F /* BrowserKeyCommand.swift in Sources */,
				47614C209C570D5A5504EC6A /* BrowserPasskeySupport.swift in Sources */,
				64E4056FA14F0ECB93F3EAF5 /* BrowserSelectorFinderScript.swift in Sources */,
				E9BBF2D6C6D137F79010EB7E /* BrowserSession.swift in Sources */,
				0ECAB78372A0A9CB81E8B068 /* BrowserWebView.swift in Sources */,
				15AFD1FED676491F3D4094EA /* NeatWebAppRuntimeApp.swift in Sources */,
				7BB48B2FEC53B70D80028CBA /* RuntimeAppLock.swift in Sources */,
				F54C74DDA69ADB8F6EACF447 /* RuntimeAppModel.swift in Sources */,
				74CA6CEF02CC7A7472803574 /* RuntimeBootstrapLoader.swift in Sources */,
				C6064F8FC631E8352C4DCE57 /* RuntimeCommandBus.swift in Sources */,
				BB96BE8598BE043C6F554DF0 /* RuntimeCommandListener.swift in Sources */,
				60CE1016D049876F3849958F /* RuntimeEventPublisher.swift in Sources */,
				FF351FCB373414DD5C663EA7 /* RuntimeModels.swift in Sources */,
				FD76CA0544941177620ADCF0 /* RuntimeRegistryStore.swift in Sources */,
				2F608A187B13024EB8D438F4 /* RuntimeSupportDirectory.swift in Sources */,
				62A03E5BBF4DA98830BD7735 /* RuntimeWindowCoordinator.swift in Sources */,
				C3114857C0069E7BA483668B /* ScreenNotchGeometry.swift in Sources */,
				2E76E497BEC0B2A99B1354D3 /* WebAppDefinition.swift in Sources */,
				EDF6064356A37537C2EE5BA0 /* WebAppFaviconStore.swift in Sources */,
				4DB7B687E99F419879173091 /* WebAppFloatingIconSupport.swift in Sources */,
				FFB3A7624E8DC565D4EC7D75 /* WebAppPreferencesStore.swift in Sources */,
				C2BADB05778B5DF5BB4ABFF5 /* WebAppWindowController.swift in Sources */,
				21042A7DD039F33193D58EA3 /* WebAppWindowMetrics.swift in Sources */,
				2424A93CD84E461F797C6730 /* WebAppWindowPlacement.swift in Sources */,
				1D2646E8877B83829EC704E9 /* WindowVisibleCoverage.swift in Sources */,
			);
			runOnlyForDeploymentPostprocessing = 0;
		};
/* End PBXSourcesBuildPhase section */

/* Begin PBXTargetDependency section */
		0B11CC85FD1AB43062A04C00 /* PBXTargetDependency */ = {
			isa = PBXTargetDependency;
			target = 72B403082BC00B6636D86890 /* NeatWebAppRuntime */;
			targetProxy = 07902EC653FF1595A42B298A /* PBXContainerItemProxy */;
		};
		4E6FE2F06569043089B19110 /* PBXTargetDependency */ = {
			isa = PBXTargetDependency;
			target = FB04F29A1BD3B13B73302B10 /* NeatWebApp */;
			targetProxy = 6CA6226612BE2CC099FE90D4 /* PBXContainerItemProxy */;
		};
		9D9258D2D2D2B5A5A2B49B57 /* PBXTargetDependency */ = {
			isa = PBXTargetDependency;
			target = 72B403082BC00B6636D86890 /* NeatWebAppRuntime */;
			targetProxy = 24FD35693E53D287649853D7 /* PBXContainerItemProxy */;
		};
/* End PBXTargetDependency section */

/* Begin XCBuildConfiguration section */
		12AFDEDCA2561A9D7F50BD93 /* Release */ = {
			isa = XCBuildConfiguration;
			buildSettings = {
				ASSETCATALOG_COMPILER_APPICON_NAME = AppIcon;
				COMBINE_HIDPI_IMAGES = YES;
				GENERATE_INFOPLIST_FILE = NO;
				INFOPLIST_FILE = Sources/NeatWebApp/App/Info.plist;
				LD_RUNPATH_SEARCH_PATHS = (
					"$(inherited)",
					"@executable_path/../Frameworks",
				);
				MACOSX_DEPLOYMENT_TARGET = 15.0;
				PRODUCT_BUNDLE_IDENTIFIER = com.geraltgraham.NeatWebApp;
				SDKROOT = macosx;
			};
			name = Release;
		};
		1943275F63DE16ACFBDB89BA /* Debug */ = {
			isa = XCBuildConfiguration;
			buildSettings = {
				ASSETCATALOG_COMPILER_APPICON_NAME = AppIcon;
				CODE_SIGN_ENTITLEMENTS = Sources/NeatWebAppRuntime/App/NeatWebAppRuntime.entitlements;
				COMBINE_HIDPI_IMAGES = YES;
				GENERATE_INFOPLIST_FILE = NO;
				INFOPLIST_FILE = Sources/NeatWebAppRuntime/App/Info.plist;
				LD_RUNPATH_SEARCH_PATHS = (
					"$(inherited)",
					"@executable_path/../Frameworks",
				);
				MACOSX_DEPLOYMENT_TARGET = 15.0;
				PRODUCT_BUNDLE_IDENTIFIER = com.geraltgraham.NeatWebAppRuntime;
				SDKROOT = macosx;
				SKIP_INSTALL = YES;
			};
			name = Debug;
		};
		3720D40B802CE2C5847F9C78 /* Debug */ = {
			isa = XCBuildConfiguration;
			buildSettings = {
				ALWAYS_SEARCH_USER_PATHS = NO;
				CLANG_ANALYZER_NONNULL = YES;
				CLANG_ANALYZER_NUMBER_OBJECT_CONVERSION = YES_AGGRESSIVE;
				CLANG_CXX_LANGUAGE_STANDARD = "gnu++14";
				CLANG_CXX_LIBRARY = "libc++";
				CLANG_ENABLE_MODULES = YES;
				CLANG_ENABLE_OBJC_ARC = YES;
				CLANG_ENABLE_OBJC_WEAK = YES;
				CLANG_WARN_BLOCK_CAPTURE_AUTORELEASING = YES;
				CLANG_WARN_BOOL_CONVERSION = YES;
				CLANG_WARN_COMMA = YES;
				CLANG_WARN_CONSTANT_CONVERSION = YES;
				CLANG_WARN_DEPRECATED_OBJC_IMPLEMENTATIONS = YES;
				CLANG_WARN_DIRECT_OBJC_ISA_USAGE = YES_ERROR;
				CLANG_WARN_DOCUMENTATION_COMMENTS = YES;
				CLANG_WARN_EMPTY_BODY = YES;
				CLANG_WARN_ENUM_CONVERSION = YES;
				CLANG_WARN_INFINITE_RECURSION = YES;
				CLANG_WARN_INT_CONVERSION = YES;
				CLANG_WARN_NON_LITERAL_NULL_CONVERSION = YES;
				CLANG_WARN_OBJC_IMPLICIT_RETAIN_SELF = YES;
				CLANG_WARN_OBJC_LITERAL_CONVERSION = YES;
				CLANG_WARN_OBJC_ROOT_CLASS = YES_ERROR;
				CLANG_WARN_QUOTED_INCLUDE_IN_FRAMEWORK_HEADER = YES;
				CLANG_WARN_RANGE_LOOP_ANALYSIS = YES;
				CLANG_WARN_STRICT_PROTOTYPES = YES;
				CLANG_WARN_SUSPICIOUS_MOVE = YES;
				CLANG_WARN_UNGUARDED_AVAILABILITY = YES_AGGRESSIVE;
				CLANG_WARN_UNREACHABLE_CODE = YES;
				CLANG_WARN__DUPLICATE_METHOD_MATCH = YES;
				CODE_SIGN_STYLE = Automatic;
				COPY_PHASE_STRIP = NO;
				CURRENT_PROJECT_VERSION = 3029;
				DEBUG_INFORMATION_FORMAT = "dwarf-with-dsym";
				DEVELOPMENT_TEAM = SHZQ3MWP3B;
				ENABLE_HARDENED_RUNTIME = YES;
				ENABLE_STRICT_OBJC_MSGSEND = YES;
				ENABLE_TESTABILITY = YES;
				GCC_C_LANGUAGE_STANDARD = gnu11;
				GCC_DYNAMIC_NO_PIC = NO;
				GCC_NO_COMMON_BLOCKS = YES;
				GCC_OPTIMIZATION_LEVEL = 0;
				GCC_PREPROCESSOR_DEFINITIONS = (
					"$(inherited)",
					"DEBUG=1",
				);
				GCC_WARN_64_TO_32_BIT_CONVERSION = YES;
				GCC_WARN_ABOUT_RETURN_TYPE = YES_ERROR;
				GCC_WARN_UNDECLARED_SELECTOR = YES;
				GCC_WARN_UNINITIALIZED_AUTOS = YES_AGGRESSIVE;
				GCC_WARN_UNUSED_FUNCTION = YES;
				GCC_WARN_UNUSED_VARIABLE = YES;
				MACOSX_DEPLOYMENT_TARGET = 15.0;
				MARKETING_VERSION = 0.3.11;
				MTL_ENABLE_DEBUG_INFO = INCLUDE_SOURCE;
				MTL_FAST_MATH = YES;
				ONLY_ACTIVE_ARCH = YES;
				PRODUCT_NAME = "$(TARGET_NAME)";
				SDKROOT = macosx;
				SWIFT_ACTIVE_COMPILATION_CONDITIONS = DEBUG;
				SWIFT_OPTIMIZATION_LEVEL = "-Onone";
				SWIFT_VERSION = 6.0;
			};
			name = Debug;
		};
		519D2E3DD2D5DC1CFCCD7B2B /* Release */ = {
			isa = XCBuildConfiguration;
			buildSettings = {
				BUNDLE_LOADER = "$(TEST_HOST)";
				COMBINE_HIDPI_IMAGES = YES;
				GENERATE_INFOPLIST_FILE = YES;
				LD_RUNPATH_SEARCH_PATHS = (
					"$(inherited)",
					"@executable_path/../Frameworks",
					"@loader_path/../Frameworks",
				);
				MACOSX_DEPLOYMENT_TARGET = 15.0;
				PRODUCT_BUNDLE_IDENTIFIER = com.geraltgraham.NeatWebAppRuntimeTests;
				SDKROOT = macosx;
				TEST_HOST = "$(BUILT_PRODUCTS_DIR)/NeatWebAppRuntime.app/Contents/MacOS/NeatWebAppRuntime";
			};
			name = Release;
		};
		79EA321A881920CC356FFA86 /* Debug */ = {
			isa = XCBuildConfiguration;
			buildSettings = {
				ASSETCATALOG_COMPILER_APPICON_NAME = AppIcon;
				COMBINE_HIDPI_IMAGES = YES;
				GENERATE_INFOPLIST_FILE = NO;
				INFOPLIST_FILE = Sources/NeatWebApp/App/Info.plist;
				LD_RUNPATH_SEARCH_PATHS = (
					"$(inherited)",
					"@executable_path/../Frameworks",
				);
				MACOSX_DEPLOYMENT_TARGET = 15.0;
				PRODUCT_BUNDLE_IDENTIFIER = com.geraltgraham.NeatWebApp;
				SDKROOT = macosx;
			};
			name = Debug;
		};
		AF98807BB9032C708F86DEE3 /* Debug */ = {
			isa = XCBuildConfiguration;
			buildSettings = {
				BUNDLE_LOADER = "$(TEST_HOST)";
				COMBINE_HIDPI_IMAGES = YES;
				GENERATE_INFOPLIST_FILE = YES;
				LD_RUNPATH_SEARCH_PATHS = (
					"$(inherited)",
					"@executable_path/../Frameworks",
					"@loader_path/../Frameworks",
				);
				MACOSX_DEPLOYMENT_TARGET = 15.0;
				PRODUCT_BUNDLE_IDENTIFIER = com.geraltgraham.NeatWebAppTests;
				SDKROOT = macosx;
				TEST_HOST = "$(BUILT_PRODUCTS_DIR)/NeatWebApp.app/Contents/MacOS/NeatWebApp";
			};
			name = Debug;
		};
		E1090F01B4BBDF05A80D07C8 /* Release */ = {
			isa = XCBuildConfiguration;
			buildSettings = {
				ALWAYS_SEARCH_USER_PATHS = NO;
				CLANG_ANALYZER_NONNULL = YES;
				CLANG_ANALYZER_NUMBER_OBJECT_CONVERSION = YES_AGGRESSIVE;
				CLANG_CXX_LANGUAGE_STANDARD = "gnu++14";
				CLANG_CXX_LIBRARY = "libc++";
				CLANG_ENABLE_MODULES = YES;
				CLANG_ENABLE_OBJC_ARC = YES;
				CLANG_ENABLE_OBJC_WEAK = YES;
				CLANG_WARN_BLOCK_CAPTURE_AUTORELEASING = YES;
				CLANG_WARN_BOOL_CONVERSION = YES;
				CLANG_WARN_COMMA = YES;
				CLANG_WARN_CONSTANT_CONVERSION = YES;
				CLANG_WARN_DEPRECATED_OBJC_IMPLEMENTATIONS = YES;
				CLANG_WARN_DIRECT_OBJC_ISA_USAGE = YES_ERROR;
				CLANG_WARN_DOCUMENTATION_COMMENTS = YES;
				CLANG_WARN_EMPTY_BODY = YES;
				CLANG_WARN_ENUM_CONVERSION = YES;
				CLANG_WARN_INFINITE_RECURSION = YES;
				CLANG_WARN_INT_CONVERSION = YES;
				CLANG_WARN_NON_LITERAL_NULL_CONVERSION = YES;
				CLANG_WARN_OBJC_IMPLICIT_RETAIN_SELF = YES;
				CLANG_WARN_OBJC_LITERAL_CONVERSION = YES;
				CLANG_WARN_OBJC_ROOT_CLASS = YES_ERROR;
				CLANG_WARN_QUOTED_INCLUDE_IN_FRAMEWORK_HEADER = YES;
				CLANG_WARN_RANGE_LOOP_ANALYSIS = YES;
				CLANG_WARN_STRICT_PROTOTYPES = YES;
				CLANG_WARN_SUSPICIOUS_MOVE = YES;
				CLANG_WARN_UNGUARDED_AVAILABILITY = YES_AGGRESSIVE;
				CLANG_WARN_UNREACHABLE_CODE = YES;
				CLANG_WARN__DUPLICATE_METHOD_MATCH = YES;
				CODE_SIGN_IDENTITY = "Developer ID Application";
				CODE_SIGN_INJECT_BASE_ENTITLEMENTS = NO;
				CODE_SIGN_STYLE = Manual;
				COPY_PHASE_STRIP = NO;
				CURRENT_PROJECT_VERSION = 3029;
				DEBUG_INFORMATION_FORMAT = "dwarf-with-dsym";
				DEVELOPMENT_TEAM = SHZQ3MWP3B;
				ENABLE_HARDENED_RUNTIME = YES;
				ENABLE_NS_ASSERTIONS = NO;
				ENABLE_STRICT_OBJC_MSGSEND = YES;
				GCC_C_LANGUAGE_STANDARD = gnu11;
				GCC_NO_COMMON_BLOCKS = YES;
				GCC_WARN_64_TO_32_BIT_CONVERSION = YES;
				GCC_WARN_ABOUT_RETURN_TYPE = YES_ERROR;
				GCC_WARN_UNDECLARED_SELECTOR = YES;
				GCC_WARN_UNINITIALIZED_AUTOS = YES_AGGRESSIVE;
				GCC_WARN_UNUSED_FUNCTION = YES;
				GCC_WARN_UNUSED_VARIABLE = YES;
				MACOSX_DEPLOYMENT_TARGET = 15.0;
				MARKETING_VERSION = 0.3.11;
				MTL_ENABLE_DEBUG_INFO = NO;
				MTL_FAST_MATH = YES;
				OTHER_CODE_SIGN_FLAGS = "--timestamp";
				PRODUCT_NAME = "$(TARGET_NAME)";
				PROVISIONING_PROFILE_SPECIFIER = "";
				SDKROOT = macosx;
				SWIFT_ACTIVE_COMPILATION_CONDITIONS = "";
				SWIFT_COMPILATION_MODE = wholemodule;
				SWIFT_OPTIMIZATION_LEVEL = "-O";
				SWIFT_VERSION = 6.0;
			};
			name = Release;
		};
		E5D848F37D355AD4317CAB32 /* Release */ = {
			isa = XCBuildConfiguration;
			buildSettings = {
				ASSETCATALOG_COMPILER_APPICON_NAME = AppIcon;
				CODE_SIGN_ENTITLEMENTS = Sources/NeatWebAppRuntime/App/NeatWebAppRuntime.entitlements;
				COMBINE_HIDPI_IMAGES = YES;
				GENERATE_INFOPLIST_FILE = NO;
				INFOPLIST_FILE = Sources/NeatWebAppRuntime/App/Info.plist;
				LD_RUNPATH_SEARCH_PATHS = (
					"$(inherited)",
					"@executable_path/../Frameworks",
				);
				MACOSX_DEPLOYMENT_TARGET = 15.0;
				PRODUCT_BUNDLE_IDENTIFIER = com.geraltgraham.NeatWebAppRuntime;
				SDKROOT = macosx;
				SKIP_INSTALL = YES;
			};
			name = Release;
		};
		E9A5E789BFC7DA2FD8F9917C /* Release */ = {
			isa = XCBuildConfiguration;
			buildSettings = {
				BUNDLE_LOADER = "$(TEST_HOST)";
				COMBINE_HIDPI_IMAGES = YES;
				GENERATE_INFOPLIST_FILE = YES;
				LD_RUNPATH_SEARCH_PATHS = (
					"$(inherited)",
					"@executable_path/../Frameworks",
					"@loader_path/../Frameworks",
				);
				MACOSX_DEPLOYMENT_TARGET = 15.0;
				PRODUCT_BUNDLE_IDENTIFIER = com.geraltgraham.NeatWebAppTests;
				SDKROOT = macosx;
				TEST_HOST = "$(BUILT_PRODUCTS_DIR)/NeatWebApp.app/Contents/MacOS/NeatWebApp";
			};
			name = Release;
		};
		FBE7DF8EE66547A3E041FEBC /* Debug */ = {
			isa = XCBuildConfiguration;
			buildSettings = {
				BUNDLE_LOADER = "$(TEST_HOST)";
				COMBINE_HIDPI_IMAGES = YES;
				GENERATE_INFOPLIST_FILE = YES;
				LD_RUNPATH_SEARCH_PATHS = (
					"$(inherited)",
					"@executable_path/../Frameworks",
					"@loader_path/../Frameworks",
				);
				MACOSX_DEPLOYMENT_TARGET = 15.0;
				PRODUCT_BUNDLE_IDENTIFIER = com.geraltgraham.NeatWebAppRuntimeTests;
				SDKROOT = macosx;
				TEST_HOST = "$(BUILT_PRODUCTS_DIR)/NeatWebAppRuntime.app/Contents/MacOS/NeatWebAppRuntime";
			};
			name = Debug;
		};
/* End XCBuildConfiguration section */

/* Begin XCConfigurationList section */
		3713881D6A265850FA6ED279 /* Build configuration list for PBXProject "NeatWebApp" */ = {
			isa = XCConfigurationList;
			buildConfigurations = (
				3720D40B802CE2C5847F9C78 /* Debug */,
				E1090F01B4BBDF05A80D07C8 /* Release */,
			);
			defaultConfigurationIsVisible = 0;
			defaultConfigurationName = Debug;
		};
		74233E56A9A3973751FBCB75 /* Build configuration list for PBXNativeTarget "NeatWebApp" */ = {
			isa = XCConfigurationList;
			buildConfigurations = (
				79EA321A881920CC356FFA86 /* Debug */,
				12AFDEDCA2561A9D7F50BD93 /* Release */,
			);
			defaultConfigurationIsVisible = 0;
			defaultConfigurationName = Debug;
		};
		C6C7CE586E62509F7C82E712 /* Build configuration list for PBXNativeTarget "NeatWebAppTests" */ = {
			isa = XCConfigurationList;
			buildConfigurations = (
				AF98807BB9032C708F86DEE3 /* Debug */,
				E9A5E789BFC7DA2FD8F9917C /* Release */,
			);
			defaultConfigurationIsVisible = 0;
			defaultConfigurationName = Debug;
		};
		CF35DACB81462154B3FA3B77 /* Build configuration list for PBXNativeTarget "NeatWebAppRuntime" */ = {
			isa = XCConfigurationList;
			buildConfigurations = (
				1943275F63DE16ACFBDB89BA /* Debug */,
				E5D848F37D355AD4317CAB32 /* Release */,
			);
			defaultConfigurationIsVisible = 0;
			defaultConfigurationName = Debug;
		};
		FD3333286EE5AFC3177941F5 /* Build configuration list for PBXNativeTarget "NeatWebAppRuntimeTests" */ = {
			isa = XCConfigurationList;
			buildConfigurations = (
				FBE7DF8EE66547A3E041FEBC /* Debug */,
				519D2E3DD2D5DC1CFCCD7B2B /* Release */,
			);
			defaultConfigurationIsVisible = 0;
			defaultConfigurationName = Debug;
		};
/* End XCConfigurationList section */

/* Begin XCRemoteSwiftPackageReference section */
		7C92EE8F3F20640F3788DB13 /* XCRemoteSwiftPackageReference "Sparkle" */ = {
			isa = XCRemoteSwiftPackageReference;
			repositoryURL = "https://github.com/sparkle-project/Sparkle";
			requirement = {
				kind = upToNextMajorVersion;
				minimumVersion = 2.9.4;
			};
		};
		9FB9EA900030946BF94DE935 /* XCRemoteSwiftPackageReference "mac-kit-swift" */ = {
			isa = XCRemoteSwiftPackageReference;
			repositoryURL = "https://github.com/x0c/mac-kit-swift";
			requirement = {
				kind = upToNextMajorVersion;
				minimumVersion = 0.1.0;
			};
		};
/* End XCRemoteSwiftPackageReference section */

/* Begin XCSwiftPackageProductDependency section */
		2D9B2A868187A831F2C1C3BA /* MacKitLaunchAtLogin */ = {
			isa = XCSwiftPackageProductDependency;
			package = 9FB9EA900030946BF94DE935 /* XCRemoteSwiftPackageReference "mac-kit-swift" */;
			productName = MacKitLaunchAtLogin;
		};
		4432EC9595E47AAEBDF6385C /* MacKitCore */ = {
			isa = XCSwiftPackageProductDependency;
			package = 9FB9EA900030946BF94DE935 /* XCRemoteSwiftPackageReference "mac-kit-swift" */;
			productName = MacKitCore;
		};
		A82CEC9C739DBA32DB5BEC54 /* MacKitLifecycle */ = {
			isa = XCSwiftPackageProductDependency;
			package = 9FB9EA900030946BF94DE935 /* XCRemoteSwiftPackageReference "mac-kit-swift" */;
			productName = MacKitLifecycle;
		};
		AA0ABD4338F057DC89950485 /* Sparkle */ = {
			isa = XCSwiftPackageProductDependency;
			package = 7C92EE8F3F20640F3788DB13 /* XCRemoteSwiftPackageReference "Sparkle" */;
			productName = Sparkle;
		};
/* End XCSwiftPackageProductDependency section */
	};
	rootObject = 5D4339875356890C6F82C180 /* Project object */;
}
